// !$*UTF8*$!
{
	archiveVersion = 1;
	classes = {
	};
	objectVersion = 56;
	objects = {

/* Begin PBXBuildFile section */
		B824676D2AB8C19B00F39D84 /* MediaExportApp.swift in Sources */ = {isa = PBXBuildFile; fileRef = B824676C2AB8C19B00F39D84 /* MediaExportApp.swift */; };
		B824676F2AB8C19B00F39D84 /* ContentView.swift in Sources */ = {isa = PBXBuildFile; fileRef = B824676E2AB8C19B00F39D84 /* ContentView.swift */; };
		B82467712AB8C19C00F39D84 /* Assets.xcassets in Resources */ = {isa = PBXBuildFile; fileRef = B82467702AB8C19C00F39D84 /* Assets.xcassets */; };
		B82467892AB8C19D00F39D84 /* MediaExportUITests.swift in Sources */ = {isa = PBXBuildFile; fileRef = B82467882AB8C19D00F39D84 /* MediaExportUITests.swift */; };
		B824678B2AB8C19D00F39D84 /* MediaExportUITestsLaunchTests.swift in Sources */ = {isa = PBXBuildFile; fileRef = B824678A2AB8C19D00F39D84 /* MediaExportUITestsLaunchTests.swift */; };
		B824679A2AB8C97C00F39D84 /* DataRequest in Frameworks */ = {isa = PBXBuildFile; productRef = B82467992AB8C97C00F39D84 /* DataRequest */; };
		B824679C2AB8C98700F39D84 /* PostUpload.swift in Sources */ = {isa = PBXBuildFile; fileRef = B824679B2AB8C98700F39D84 /* PostUpload.swift */; };
		B824679E2AB8C98D00F39D84 /* GetExists.swift in Sources */ = {isa = PBXBuildFile; fileRef = B824679D2AB8C98D00F39D84 /* GetExists.swift */; };
		B82467A02AB8C9AD00F39D84 /* APIRequest.swift in Sources */ = {isa = PBXBuildFile; fileRef = B824679F2AB8C9AD00F39D84 /* APIRequest.swift */; };
		B82467A62AB8D31900F39D84 /* MediaFile.swift in Sources */ = {isa = PBXBuildFile; fileRef = B82467A52AB8D31900F39D84 /* MediaFile.swift */; };
		B82467AE2AB8D73C00F39D84 /* PHAsset+Extensions.swift in Sources */ = {isa = PBXBuildFile; fileRef = B82467AD2AB8D73C00F39D84 /* PHAsset+Extensions.swift */; };
		B82467B12AB8DB4E00F39D84 /* LoadState.swift in Sources */ = {isa = PBXBuildFile; fileRef = B82467B02AB8DB4E00F39D84 /* LoadState.swift */; };
		B85F96382ABAD95A004493B5 /* MediaGrid.swift in Sources */ = {isa = PBXBuildFile; fileRef = B85F96372ABAD95A004493B5 /* MediaGrid.swift */; };
		B8661E6C2ABCE123006D46ED /* MediaId.swift in Sources */ = {isa = PBXBuildFile; fileRef = B8661E6B2ABCE123006D46ED /* MediaId.swift */; };
		B8661E6E2ABCE239006D46ED /* MediaIdTests.swift in Sources */ = {isa = PBXBuildFile; fileRef = B8661E6D2ABCE239006D46ED /* MediaIdTests.swift */; };
		B88043112ABB68A5001E6024 /* AuthorizationScreen.swift in Sources */ = {isa = PBXBuildFile; fileRef = B88043102ABB68A5001E6024 /* AuthorizationScreen.swift */; };
		B8979F912ABA228F003203C4 /* Localizable.xcstrings in Resources */ = {isa = PBXBuildFile; fileRef = B8979F902ABA228F003203C4 /* Localizable.xcstrings */; };
		B8979F932ABA22F4003203C4 /* AssetsScreen.swift in Sources */ = {isa = PBXBuildFile; fileRef = B8979F922ABA22F4003203C4 /* AssetsScreen.swift */; };
		B8979F962ABA230F003203C4 /* Screen.swift in Sources */ = {isa = PBXBuildFile; fileRef = B8979F952ABA230F003203C4 /* Screen.swift */; };
		B8979F992ABA273E003203C4 /* CubeFoundation in Frameworks */ = {isa = PBXBuildFile; productRef = B8979F982ABA273E003203C4 /* CubeFoundation */; };
		B8979F9B2ABA273E003203C4 /* CubeFoundationSwiftUI in Frameworks */ = {isa = PBXBuildFile; productRef = B8979F9A2ABA273E003203C4 /* CubeFoundationSwiftUI */; };
		B8979FA22ABA279A003203C4 /* StickyBottom.swift in Sources */ = {isa = PBXBuildFile; fileRef = B8979FA12ABA279A003203C4 /* StickyBottom.swift */; };
		B8979FA42ABA27A2003203C4 /* StickyButton.swift in Sources */ = {isa = PBXBuildFile; fileRef = B8979FA32ABA27A2003203C4 /* StickyButton.swift */; };
		B8979FA72ABA2800003203C4 /* TextStyle+Values.swift in Sources */ = {isa = PBXBuildFile; fileRef = B8979FA62ABA2800003203C4 /* TextStyle+Values.swift */; };
		B8979FAA2ABA2882003203C4 /* StyledButton.swift in Sources */ = {isa = PBXBuildFile; fileRef = B8979FA92ABA2882003203C4 /* StyledButton.swift */; };
		B8979FAC2ABA28C6003203C4 /* FigmaShadow+Values.swift in Sources */ = {isa = PBXBuildFile; fileRef = B8979FAB2ABA28C6003203C4 /* FigmaShadow+Values.swift */; };
		B8979FB12ABA2B8B003203C4 /* CGFloat+Values.swift in Sources */ = {isa = PBXBuildFile; fileRef = B8979FB02ABA2B8B003203C4 /* CGFloat+Values.swift */; };
		B8979FB62ABA3289003203C4 /* Navigation.swift in Sources */ = {isa = PBXBuildFile; fileRef = B8979FB52ABA3289003203C4 /* Navigation.swift */; };
		B8A520BE2ABB370B0013FA4A /* ColorUtilities.swift in Sources */ = {isa = PBXBuildFile; fileRef = B8A520BD2ABB370B0013FA4A /* ColorUtilities.swift */; };
		B8A520C02ABB47700013FA4A /* ColorUtilitiesTests.swift in Sources */ = {isa = PBXBuildFile; fileRef = B8A520BF2ABB476F0013FA4A /* ColorUtilitiesTests.swift */; };
		B8A520C22ABB5DDB0013FA4A /* LoadingView.swift in Sources */ = {isa = PBXBuildFile; fileRef = B8A520C12ABB5DDB0013FA4A /* LoadingView.swift */; };
		B8A520C42ABB5E4F0013FA4A /* AssetsManager.swift in Sources */ = {isa = PBXBuildFile; fileRef = B8A520C32ABB5E4F0013FA4A /* AssetsManager.swift */; };
		B8AB87992ABC202600B3A575 /* ResourcesScreen.swift in Sources */ = {isa = PBXBuildFile; fileRef = B8AB87982ABC202600B3A575 /* ResourcesScreen.swift */; };
		B8AB879B2ABC226300B3A575 /* ResourcesManager.swift in Sources */ = {isa = PBXBuildFile; fileRef = B8AB879A2ABC226300B3A575 /* ResourcesManager.swift */; };
		B8AB879D2ABC269200B3A575 /* AuthorizationManager.swift in Sources */ = {isa = PBXBuildFile; fileRef = B8AB879C2ABC269200B3A575 /* AuthorizationManager.swift */; };
		B8AB87A02ABC2AF300B3A575 /* LoadStateView.swift in Sources */ = {isa = PBXBuildFile; fileRef = B8AB879F2ABC2AF300B3A575 /* LoadStateView.swift */; };
		B8AB87A22ABC2E3100B3A575 /* BadgeView.swift in Sources */ = {isa = PBXBuildFile; fileRef = B8AB87A12ABC2E3100B3A575 /* BadgeView.swift */; };
		B8AB87A42ABC327700B3A575 /* PHAssetMediaType+UI.swift in Sources */ = {isa = PBXBuildFile; fileRef = B8AB87A32ABC327700B3A575 /* PHAssetMediaType+UI.swift */; };
		B8AB87A62ABC522F00B3A575 /* UploadScreen.swift in Sources */ = {isa = PBXBuildFile; fileRef = B8AB87A52ABC522F00B3A575 /* UploadScreen.swift */; };
		B8AB87A82ABC524700B3A575 /* UploadManager.swift in Sources */ = {isa = PBXBuildFile; fileRef = B8AB87A72ABC524700B3A575 /* UploadManager.swift */; };
		B8AB87AC2ABC600C00B3A575 /* SuccessView.swift in Sources */ = {isa = PBXBuildFile; fileRef = B8AB87AB2ABC600C00B3A575 /* SuccessView.swift */; };
		B8AB87AE2ABC61ED00B3A575 /* BarProgressView.swift in Sources */ = {isa = PBXBuildFile; fileRef = B8AB87AD2ABC61ED00B3A575 /* BarProgressView.swift */; };
		B8AB87B02ABC6C2C00B3A575 /* GetStatus.swift in Sources */ = {isa = PBXBuildFile; fileRef = B8AB87AF2ABC6C2C00B3A575 /* GetStatus.swift */; };
		B8AB87B32ABC6C9700B3A575 /* MediaFileAPIRequest.swift in Sources */ = {isa = PBXBuildFile; fileRef = B8AB87B22ABC6C9700B3A575 /* MediaFileAPIRequest.swift */; };
		B8AB87B52ABC6DA200B3A575 /* StatusScreen.swift in Sources */ = {isa = PBXBuildFile; fileRef = B8AB87B42ABC6DA200B3A575 /* StatusScreen.swift */; };
		B8AB87B72ABC6E3B00B3A575 /* StatusManager.swift in Sources */ = {isa = PBXBuildFile; fileRef = B8AB87B62ABC6E3B00B3A575 /* StatusManager.swift */; };
		B8AB87BB2ABC7AF600B3A575 /* Status.swift in Sources */ = {isa = PBXBuildFile; fileRef = B8AB87BA2ABC7AF600B3A575 /* Status.swift */; };
		B8AB87BD2ABC855D00B3A575 /* MediaDirectory.swift in Sources */ = {isa = PBXBuildFile; fileRef = B8AB87BC2ABC855D00B3A575 /* MediaDirectory.swift */; };
/* End PBXBuildFile section */

/* Begin PBXContainerItemProxy section */
		B824677B2AB8C19C00F39D84 /* PBXContainerItemProxy */ = {
			isa = PBXContainerItemProxy;
			containerPortal = B82467612AB8C19B00F39D84 /* Project object */;
			proxyType = 1;
			remoteGlobalIDString = B82467682AB8C19B00F39D84;
			remoteInfo = MediaExport;
		};
		B82467852AB8C19C00F39D84 /* PBXContainerItemProxy */ = {
			isa = PBXContainerItemProxy;
			containerPortal = B82467612AB8C19B00F39D84 /* Project object */;
			proxyType = 1;
			remoteGlobalIDString = B82467682AB8C19B00F39D84;
			remoteInfo = MediaExport;
		};
/* End PBXContainerItemProxy section */

/* Begin PBXFileReference section */
		B82467692AB8C19B00F39D84 /* MediaExport.app */ = {isa = PBXFileReference; explicitFileType = wrapper.application; includeInIndex = 0; path = MediaExport.app; sourceTree = BUILT_PRODUCTS_DIR; };
		B824676C2AB8C19B00F39D84 /* MediaExportApp.swift */ = {isa = PBXFileReference; lastKnownFileType = sourcecode.swift; path = MediaExportApp.swift; sourceTree = "<group>"; };
		B824676E2AB8C19B00F39D84 /* ContentView.swift */ = {isa = PBXFileReference; lastKnownFileType = sourcecode.swift; path = ContentView.swift; sourceTree = "<group>"; };
		B82467702AB8C19C00F39D84 /* Assets.xcassets */ = {isa = PBXFileReference; lastKnownFileType = folder.assetcatalog; path = Assets.xcassets; sourceTree = "<group>"; };
		B82467722AB8C19C00F39D84 /* MediaExport.entitlements */ = {isa = PBXFileReference; lastKnownFileType = text.plist.entitlements; path = MediaExport.entitlements; sourceTree = "<group>"; };
		B82467742AB8C19C00F39D84 /* PreviewAssets.xcassets */ = {isa = PBXFileReference; lastKnownFileType = folder.assetcatalog; path = PreviewAssets.xcassets; sourceTree = "<group>"; };
		B824677A2AB8C19C00F39D84 /* MediaExportTests.xctest */ = {isa = PBXFileReference; explicitFileType = wrapper.cfbundle; includeInIndex = 0; path = MediaExportTests.xctest; sourceTree = BUILT_PRODUCTS_DIR; };
		B82467842AB8C19C00F39D84 /* MediaExportUITests.xctest */ = {isa = PBXFileReference; explicitFileType = wrapper.cfbundle; includeInIndex = 0; path = MediaExportUITests.xctest; sourceTree = BUILT_PRODUCTS_DIR; };
		B82467882AB8C19D00F39D84 /* MediaExportUITests.swift */ = {isa = PBXFileReference; lastKnownFileType = sourcecode.swift; path = MediaExportUITests.swift; sourceTree = "<group>"; };
		B824678A2AB8C19D00F39D84 /* MediaExportUITestsLaunchTests.swift */ = {isa = PBXFileReference; lastKnownFileType = sourcecode.swift; path = MediaExportUITestsLaunchTests.swift; sourceTree = "<group>"; };
		B824679B2AB8C98700F39D84 /* PostUpload.swift */ = {isa = PBXFileReference; lastKnownFileType = sourcecode.swift; path = PostUpload.swift; sourceTree = "<group>"; };
		B824679D2AB8C98D00F39D84 /* GetExists.swift */ = {isa = PBXFileReference; lastKnownFileType = sourcecode.swift; path = GetExists.swift; sourceTree = "<group>"; };
		B824679F2AB8C9AD00F39D84 /* APIRequest.swift */ = {isa = PBXFileReference; lastKnownFileType = sourcecode.swift; path = APIRequest.swift; sourceTree = "<group>"; };
		B82467A52AB8D31900F39D84 /* MediaFile.swift */ = {isa = PBXFileReference; lastKnownFileType = sourcecode.swift; path = MediaFile.swift; sourceTree = "<group>"; };
		B82467AD2AB8D73C00F39D84 /* PHAsset+Extensions.swift */ = {isa = PBXFileReference; lastKnownFileType = sourcecode.swift; path = "PHAsset+Extensions.swift"; sourceTree = "<group>"; };
		B82467B02AB8DB4E00F39D84 /* LoadState.swift */ = {isa = PBXFileReference; lastKnownFileType = sourcecode.swift; path = LoadState.swift; sourceTree = "<group>"; };
		B85F96372ABAD95A004493B5 /* MediaGrid.swift */ = {isa = PBXFileReference; lastKnownFileType = sourcecode.swift; path = MediaGrid.swift; sourceTree = "<group>"; };
		B8661E6B2ABCE123006D46ED /* MediaId.swift */ = {isa = PBXFileReference; lastKnownFileType = sourcecode.swift; path = MediaId.swift; sourceTree = "<group>"; };
		B8661E6D2ABCE239006D46ED /* MediaIdTests.swift */ = {isa = PBXFileReference; lastKnownFileType = sourcecode.swift; path = MediaIdTests.swift; sourceTree = "<group>"; };
		B88043102ABB68A5001E6024 /* AuthorizationScreen.swift */ = {isa = PBXFileReference; lastKnownFileType = sourcecode.swift; path = AuthorizationScreen.swift; sourceTree = "<group>"; };
		B8979F902ABA228F003203C4 /* Localizable.xcstrings */ = {isa = PBXFileReference; lastKnownFileType = text.json.xcstrings; path = Localizable.xcstrings; sourceTree = "<group>"; };
		B8979F922ABA22F4003203C4 /* AssetsScreen.swift */ = {isa = PBXFileReference; lastKnownFileType = sourcecode.swift; path = AssetsScreen.swift; sourceTree = "<group>"; };
		B8979F952ABA230F003203C4 /* Screen.swift */ = {isa = PBXFileReference; lastKnownFileType = sourcecode.swift; path = Screen.swift; sourceTree = "<group>"; };
		B8979FA12ABA279A003203C4 /* StickyBottom.swift */ = {isa = PBXFileReference; lastKnownFileType = sourcecode.swift; path = StickyBottom.swift; sourceTree = "<group>"; };
		B8979FA32ABA27A2003203C4 /* StickyButton.swift */ = {isa = PBXFileReference; lastKnownFileType = sourcecode.swift; path = StickyButton.swift; sourceTree = "<group>"; };
		B8979FA62ABA2800003203C4 /* TextStyle+Values.swift */ = {isa = PBXFileReference; lastKnownFileType = sourcecode.swift; path = "TextStyle+Values.swift"; sourceTree = "<group>"; };
		B8979FA92ABA2882003203C4 /* StyledButton.swift */ = {isa = PBXFileReference; lastKnownFileType = sourcecode.swift; path = StyledButton.swift; sourceTree = "<group>"; };
		B8979FAB2ABA28C6003203C4 /* FigmaShadow+Values.swift */ = {isa = PBXFileReference; lastKnownFileType = sourcecode.swift; path = "FigmaShadow+Values.swift"; sourceTree = "<group>"; };
		B8979FB02ABA2B8B003203C4 /* CGFloat+Values.swift */ = {isa = PBXFileReference; lastKnownFileType = sourcecode.swift; path = "CGFloat+Values.swift"; sourceTree = "<group>"; };
		B8979FB52ABA3289003203C4 /* Navigation.swift */ = {isa = PBXFileReference; lastKnownFileType = sourcecode.swift; path = Navigation.swift; sourceTree = "<group>"; };
		B8A520BD2ABB370B0013FA4A /* ColorUtilities.swift */ = {isa = PBXFileReference; lastKnownFileType = sourcecode.swift; path = ColorUtilities.swift; sourceTree = "<group>"; };
		B8A520BF2ABB476F0013FA4A /* ColorUtilitiesTests.swift */ = {isa = PBXFileReference; lastKnownFileType = sourcecode.swift; path = ColorUtilitiesTests.swift; sourceTree = "<group>"; };
		B8A520C12ABB5DDB0013FA4A /* LoadingView.swift */ = {isa = PBXFileReference; lastKnownFileType = sourcecode.swift; path = LoadingView.swift; sourceTree = "<group>"; };
		B8A520C32ABB5E4F0013FA4A /* AssetsManager.swift */ = {isa = PBXFileReference; lastKnownFileType = sourcecode.swift; path = AssetsManager.swift; sourceTree = "<group>"; };
		B8AB87982ABC202600B3A575 /* ResourcesScreen.swift */ = {isa = PBXFileReference; lastKnownFileType = sourcecode.swift; path = ResourcesScreen.swift; sourceTree = "<group>"; };
		B8AB879A2ABC226300B3A575 /* ResourcesManager.swift */ = {isa = PBXFileReference; lastKnownFileType = sourcecode.swift; path = ResourcesManager.swift; sourceTree = "<group>"; };
		B8AB879C2ABC269200B3A575 /* AuthorizationManager.swift */ = {isa = PBXFileReference; lastKnownFileType = sourcecode.swift; path = AuthorizationManager.swift; sourceTree = "<group>"; };
		B8AB879F2ABC2AF300B3A575 /* LoadStateView.swift */ = {isa = PBXFileReference; lastKnownFileType = sourcecode.swift; path = LoadStateView.swift; sourceTree = "<group>"; };
		B8AB87A12ABC2E3100B3A575 /* BadgeView.swift */ = {isa = PBXFileReference; lastKnownFileType = sourcecode.swift; path = BadgeView.swift; sourceTree = "<group>"; };
		B8AB87A32ABC327700B3A575 /* PHAssetMediaType+UI.swift */ = {isa = PBXFileReference; lastKnownFileType = sourcecode.swift; path = "PHAssetMediaType+UI.swift"; sourceTree = "<group>"; };
		B8AB87A52ABC522F00B3A575 /* UploadScreen.swift */ = {isa = PBXFileReference; lastKnownFileType = sourcecode.swift; path = UploadScreen.swift; sourceTree = "<group>"; };
		B8AB87A72ABC524700B3A575 /* UploadManager.swift */ = {isa = PBXFileReference; lastKnownFileType = sourcecode.swift; path = UploadManager.swift; sourceTree = "<group>"; };
		B8AB87AB2ABC600C00B3A575 /* SuccessView.swift */ = {isa = PBXFileReference; lastKnownFileType = sourcecode.swift; path = SuccessView.swift; sourceTree = "<group>"; };
		B8AB87AD2ABC61ED00B3A575 /* BarProgressView.swift */ = {isa = PBXFileReference; lastKnownFileType = sourcecode.swift; path = BarProgressView.swift; sourceTree = "<group>"; };
		B8AB87AF2ABC6C2C00B3A575 /* GetStatus.swift */ = {isa = PBXFileReference; lastKnownFileType = sourcecode.swift; path = GetStatus.swift; sourceTree = "<group>"; };
		B8AB87B22ABC6C9700B3A575 /* MediaFileAPIRequest.swift */ = {isa = PBXFileReference; lastKnownFileType = sourcecode.swift; path = MediaFileAPIRequest.swift; sourceTree = "<group>"; };
		B8AB87B42ABC6DA200B3A575 /* StatusScreen.swift */ = {isa = PBXFileReference; lastKnownFileType = sourcecode.swift; path = StatusScreen.swift; sourceTree = "<group>"; };
		B8AB87B62ABC6E3B00B3A575 /* StatusManager.swift */ = {isa = PBXFileReference; lastKnownFileType = sourcecode.swift; path = StatusManager.swift; sourceTree = "<group>"; };
		B8AB87BA2ABC7AF600B3A575 /* Status.swift */ = {isa = PBXFileReference; lastKnownFileType = sourcecode.swift; path = Status.swift; sourceTree = "<group>"; };
		B8AB87BC2ABC855D00B3A575 /* MediaDirectory.swift */ = {isa = PBXFileReference; lastKnownFileType = sourcecode.swift; path = MediaDirectory.swift; sourceTree = "<group>"; };
/* End PBXFileReference section */

/* Begin PBXFrameworksBuildPhase section */
		B82467662AB8C19B00F39D84 /* Frameworks */ = {
			isa = PBXFrameworksBuildPhase;
			buildActionMask = 2147483647;
			files = (
				B8979F992ABA273E003203C4 /* CubeFoundation in Frameworks */,
				B8979F9B2ABA273E003203C4 /* CubeFoundationSwiftUI in Frameworks */,
				B824679A2AB8C97C00F39D84 /* DataRequest in Frameworks */,
			);
			runOnlyForDeploymentPostprocessing = 0;
		};
		B82467772AB8C19C00F39D84 /* Frameworks */ = {
			isa = PBXFrameworksBuildPhase;
			buildActionMask = 2147483647;
			files = (
			);
			runOnlyForDeploymentPostprocessing = 0;
		};
		B82467812AB8C19C00F39D84 /* Frameworks */ = {
			isa = PBXFrameworksBuildPhase;
			buildActionMask = 2147483647;
			files = (
			);
			runOnlyForDeploymentPostprocessing = 0;
		};
/* End PBXFrameworksBuildPhase section */

/* Begin PBXGroup section */
		B82467602AB8C19B00F39D84 = {
			isa = PBXGroup;
			children = (
				B824676B2AB8C19B00F39D84 /* MediaExport */,
				B824677D2AB8C19C00F39D84 /* MediaExportTests */,
				B82467872AB8C19D00F39D84 /* MediaExportUITests */,
				B824676A2AB8C19B00F39D84 /* Products */,
			);
			sourceTree = "<group>";
		};
		B824676A2AB8C19B00F39D84 /* Products */ = {
			isa = PBXGroup;
			children = (
				B82467692AB8C19B00F39D84 /* MediaExport.app */,
				B824677A2AB8C19C00F39D84 /* MediaExportTests.xctest */,
				B82467842AB8C19C00F39D84 /* MediaExportUITests.xctest */,
			);
			name = Products;
			sourceTree = "<group>";
		};
		B824676B2AB8C19B00F39D84 /* MediaExport */ = {
			isa = PBXGroup;
			children = (
				B8AB879E2ABC271400B3A575 /* Extensions */,
				B8979FA52ABA27B7003203C4 /* Assets */,
				B82467972AB8C7E900F39D84 /* Endpoints */,
				B82467A12AB8D1A800F39D84 /* Models */,
				B8A520BC2ABB36DF0013FA4A /* Utilities */,
				B8979FAD2ABA290D003203C4 /* Values */,
				B82467AF2AB8D97B00F39D84 /* Views */,
				B82467722AB8C19C00F39D84 /* MediaExport.entitlements */,
				B824676C2AB8C19B00F39D84 /* MediaExportApp.swift */,
			);
			path = MediaExport;
			sourceTree = "<group>";
		};
		B824677D2AB8C19C00F39D84 /* MediaExportTests */ = {
			isa = PBXGroup;
			children = (
				B8A520BF2ABB476F0013FA4A /* ColorUtilitiesTests.swift */,
				B8661E6D2ABCE239006D46ED /* MediaIdTests.swift */,
			);
			path = MediaExportTests;
			sourceTree = "<group>";
		};
		B82467872AB8C19D00F39D84 /* MediaExportUITests */ = {
			isa = PBXGroup;
			children = (
				B82467882AB8C19D00F39D84 /* MediaExportUITests.swift */,
				B824678A2AB8C19D00F39D84 /* MediaExportUITestsLaunchTests.swift */,
			);
			path = MediaExportUITests;
			sourceTree = "<group>";
		};
		B82467972AB8C7E900F39D84 /* Endpoints */ = {
			isa = PBXGroup;
			children = (
				B8AB87B12ABC6C8800B3A575 /* Protocol */,
				B824679D2AB8C98D00F39D84 /* GetExists.swift */,
				B824679B2AB8C98700F39D84 /* PostUpload.swift */,
				B8AB87AF2ABC6C2C00B3A575 /* GetStatus.swift */,
			);
			path = Endpoints;
			sourceTree = "<group>";
		};
		B82467A12AB8D1A800F39D84 /* Models */ = {
			isa = PBXGroup;
			children = (
				B82467B02AB8DB4E00F39D84 /* LoadState.swift */,
				B82467A52AB8D31900F39D84 /* MediaFile.swift */,
				B8AB87BA2ABC7AF600B3A575 /* Status.swift */,
			);
			path = Models;
			sourceTree = "<group>";
		};
		B82467AF2AB8D97B00F39D84 /* Views */ = {
			isa = PBXGroup;
			children = (
				B8979F9C2ABA2779003203C4 /* Components */,
				B8979F942ABA22F7003203C4 /* Screens */,
				B8979FB52ABA3289003203C4 /* Navigation.swift */,
				B824676E2AB8C19B00F39D84 /* ContentView.swift */,
			);
			path = Views;
			sourceTree = "<group>";
		};
		B8979F942ABA22F7003203C4 /* Screens */ = {
			isa = PBXGroup;
			children = (
				B8AB87B92ABC7A3C00B3A575 /* Protocol */,
				B8AB87B82ABC7A2D00B3A575 /* Managers */,
				B8979F922ABA22F4003203C4 /* AssetsScreen.swift */,
				B88043102ABB68A5001E6024 /* AuthorizationScreen.swift */,
				B8AB87982ABC202600B3A575 /* ResourcesScreen.swift */,
				B8AB87A52ABC522F00B3A575 /* UploadScreen.swift */,
				B8AB87B42ABC6DA200B3A575 /* StatusScreen.swift */,
			);
			path = Screens;
			sourceTree = "<group>";
		};
		B8979F9C2ABA2779003203C4 /* Components */ = {
			isa = PBXGroup;
			children = (
				B8979FA82ABA2876003203C4 /* StickyButton */,
				B85F96372ABAD95A004493B5 /* MediaGrid.swift */,
				B8979FA92ABA2882003203C4 /* StyledButton.swift */,
				B8A520C12ABB5DDB0013FA4A /* LoadingView.swift */,
				B8AB87A12ABC2E3100B3A575 /* BadgeView.swift */,
				B8AB87AB2ABC600C00B3A575 /* SuccessView.swift */,
				B8AB879F2ABC2AF300B3A575 /* LoadStateView.swift */,
				B8AB87AD2ABC61ED00B3A575 /* BarProgressView.swift */,
			);
			path = Components;
			sourceTree = "<group>";
		};
		B8979FA52ABA27B7003203C4 /* Assets */ = {
			isa = PBXGroup;
			children = (
				B82467702AB8C19C00F39D84 /* Assets.xcassets */,
				B8979F902ABA228F003203C4 /* Localizable.xcstrings */,
				B82467742AB8C19C00F39D84 /* PreviewAssets.xcassets */,
			);
			path = Assets;
			sourceTree = "<group>";
		};
		B8979FA82ABA2876003203C4 /* StickyButton */ = {
			isa = PBXGroup;
			children = (
				B8979FA12ABA279A003203C4 /* StickyBottom.swift */,
				B8979FA32ABA27A2003203C4 /* StickyButton.swift */,
			);
			path = StickyButton;
			sourceTree = "<group>";
		};
		B8979FAD2ABA290D003203C4 /* Values */ = {
			isa = PBXGroup;
			children = (
				B8979FB02ABA2B8B003203C4 /* CGFloat+Values.swift */,
				B8979FAB2ABA28C6003203C4 /* FigmaShadow+Values.swift */,
				B8979FA62ABA2800003203C4 /* TextStyle+Values.swift */,
			);
			path = Values;
			sourceTree = "<group>";
		};
		B8A520BC2ABB36DF0013FA4A /* Utilities */ = {
			isa = PBXGroup;
			children = (
				B8A520BD2ABB370B0013FA4A /* ColorUtilities.swift */,
				B8AB87BC2ABC855D00B3A575 /* MediaDirectory.swift */,
				B8661E6B2ABCE123006D46ED /* MediaId.swift */,
			);
			path = Utilities;
			sourceTree = "<group>";
		};
		B8AB879E2ABC271400B3A575 /* Extensions */ = {
			isa = PBXGroup;
			children = (
				B82467AD2AB8D73C00F39D84 /* PHAsset+Extensions.swift */,
				B8AB87A32ABC327700B3A575 /* PHAssetMediaType+UI.swift */,
			);
			path = Extensions;
			sourceTree = "<group>";
		};
		B8AB87B12ABC6C8800B3A575 /* Protocol */ = {
			isa = PBXGroup;
			children = (
				B824679F2AB8C9AD00F39D84 /* APIRequest.swift */,
				B8AB87B22ABC6C9700B3A575 /* MediaFileAPIRequest.swift */,
			);
			path = Protocol;
			sourceTree = "<group>";
		};
		B8AB87B82ABC7A2D00B3A575 /* Managers */ = {
			isa = PBXGroup;
			children = (
				B8A520C32ABB5E4F0013FA4A /* AssetsManager.swift */,
				B8AB879A2ABC226300B3A575 /* ResourcesManager.swift */,
				B8AB879C2ABC269200B3A575 /* AuthorizationManager.swift */,
				B8AB87A72ABC524700B3A575 /* UploadManager.swift */,
				B8AB87B62ABC6E3B00B3A575 /* StatusManager.swift */,
			);
			path = Managers;
			sourceTree = "<group>";
		};
		B8AB87B92ABC7A3C00B3A575 /* Protocol */ = {
			isa = PBXGroup;
			children = (
				B8979F952ABA230F003203C4 /* Screen.swift */,
			);
			path = Protocol;
			sourceTree = "<group>";
		};
/* End PBXGroup section */

/* Begin PBXNativeTarget section */
		B82467682AB8C19B00F39D84 /* MediaExport */ = {
			isa = PBXNativeTarget;
			buildConfigurationList = B824678E2AB8C19D00F39D84 /* Build configuration list for PBXNativeTarget "MediaExport" */;
			buildPhases = (
				B82467B52AB8DE3E00F39D84 /* SwiftLint */,
				B82467652AB8C19B00F39D84 /* Sources */,
				B82467662AB8C19B00F39D84 /* Frameworks */,
				B82467672AB8C19B00F39D84 /* Resources */,
			);
			buildRules = (
			);
			dependencies = (
			);
			name = MediaExport;
			packageProductDependencies = (
				B82467992AB8C97C00F39D84 /* DataRequest */,
				B8979F982ABA273E003203C4 /* CubeFoundation */,
				B8979F9A2ABA273E003203C4 /* CubeFoundationSwiftUI */,
			);
			productName = MediaExport;
			productReference = B82467692AB8C19B00F39D84 /* MediaExport.app */;
			productType = "com.apple.product-type.application";
		};
		B82467792AB8C19C00F39D84 /* MediaExportTests */ = {
			isa = PBXNativeTarget;
			buildConfigurationList = B82467912AB8C19D00F39D84 /* Build configuration list for PBXNativeTarget "MediaExportTests" */;
			buildPhases = (
				B82467762AB8C19C00F39D84 /* Sources */,
				B82467772AB8C19C00F39D84 /* Frameworks */,
				B82467782AB8C19C00F39D84 /* Resources */,
			);
			buildRules = (
			);
			dependencies = (
				B824677C2AB8C19C00F39D84 /* PBXTargetDependency */,
			);
			name = MediaExportTests;
			productName = MediaExportTests;
			productReference = B824677A2AB8C19C00F39D84 /* MediaExportTests.xctest */;
			productType = "com.apple.product-type.bundle.unit-test";
		};
		B82467832AB8C19C00F39D84 /* MediaExportUITests */ = {
			isa = PBXNativeTarget;
			buildConfigurationList = B82467942AB8C19D00F39D84 /* Build configuration list for PBXNativeTarget "MediaExportUITests" */;
			buildPhases = (
				B82467802AB8C19C00F39D84 /* Sources */,
				B82467812AB8C19C00F39D84 /* Frameworks */,
				B82467822AB8C19C00F39D84 /* Resources */,
			);
			buildRules = (
			);
			dependencies = (
				B82467862AB8C19C00F39D84 /* PBXTargetDependency */,
			);
			name = MediaExportUITests;
			productName = MediaExportUITests;
			productReference = B82467842AB8C19C00F39D84 /* MediaExportUITests.xctest */;
			productType = "com.apple.product-type.bundle.ui-testing";
		};
/* End PBXNativeTarget section */

/* Begin PBXProject section */
		B82467612AB8C19B00F39D84 /* Project object */ = {
			isa = PBXProject;
			attributes = {
				BuildIndependentTargetsInParallel = 1;
				LastSwiftUpdateCheck = 1430;
				LastUpgradeCheck = 1500;
				ORGANIZATIONNAME = "Ben Shutt";
				TargetAttributes = {
					B82467682AB8C19B00F39D84 = {
						CreatedOnToolsVersion = 14.3.1;
					};
					B82467792AB8C19C00F39D84 = {
						CreatedOnToolsVersion = 14.3.1;
						TestTargetID = B82467682AB8C19B00F39D84;
					};
					B82467832AB8C19C00F39D84 = {
						CreatedOnToolsVersion = 14.3.1;
						TestTargetID = B82467682AB8C19B00F39D84;
					};
				};
			};
			buildConfigurationList = B82467642AB8C19B00F39D84 /* Build configuration list for PBXProject "MediaExport" */;
			compatibilityVersion = "Xcode 14.0";
			developmentRegion = en;
			hasScannedForEncodings = 0;
			knownRegions = (
				en,
				Base,
			);
			mainGroup = B82467602AB8C19B00F39D84;
			packageReferences = (
				B82467982AB8C97C00F39D84 /* XCRemoteSwiftPackageReference "DataRequest" */,
				B8979F972ABA273E003203C4 /* XCRemoteSwiftPackageReference "cubefoundation-ios" */,
			);
			productRefGroup = B824676A2AB8C19B00F39D84 /* Products */;
			projectDirPath = "";
			projectRoot = "";
			targets = (
				B82467682AB8C19B00F39D84 /* MediaExport */,
				B82467792AB8C19C00F39D84 /* MediaExportTests */,
				B82467832AB8C19C00F39D84 /* MediaExportUITests */,
			);
		};
/* End PBXProject section */

/* Begin PBXResourcesBuildPhase section */
		B82467672AB8C19B00F39D84 /* Resources */ = {
			isa = PBXResourcesBuildPhase;
			buildActionMask = 2147483647;
			files = (
				B82467712AB8C19C00F39D84 /* Assets.xcassets in Resources */,
				B8979F912ABA228F003203C4 /* Localizable.xcstrings in Resources */,
			);
			runOnlyForDeploymentPostprocessing = 0;
		};
		B82467782AB8C19C00F39D84 /* Resources */ = {
			isa = PBXResourcesBuildPhase;
			buildActionMask = 2147483647;
			files = (
			);
			runOnlyForDeploymentPostprocessing = 0;
		};
		B82467822AB8C19C00F39D84 /* Resources */ = {
			isa = PBXResourcesBuildPhase;
			buildActionMask = 2147483647;
			files = (
			);
			runOnlyForDeploymentPostprocessing = 0;
		};
/* End PBXResourcesBuildPhase section */

/* Begin PBXShellScriptBuildPhase section */
		B82467B52AB8DE3E00F39D84 /* SwiftLint */ = {
			isa = PBXShellScriptBuildPhase;
			alwaysOutOfDate = 1;
			buildActionMask = 2147483647;
			files = (
			);
			inputFileListPaths = (
			);
			inputPaths = (
			);
			name = SwiftLint;
			outputFileListPaths = (
			);
			outputPaths = (
			);
			runOnlyForDeploymentPostprocessing = 0;
			shellPath = /bin/sh;
			shellScript = "if [[ \"$(uname -m)\" == arm64 ]]; then\n    export PATH=\"/opt/homebrew/bin:$PATH\"\nfi\n\nif which swiftlint > /dev/null; then\n  swiftlint\nelse\n  echo \"warning: SwiftLint not installed, download from https://github.com/realm/SwiftLint\"\nfi\n";
		};
/* End PBXShellScriptBuildPhase section */

/* Begin PBXSourcesBuildPhase section */
		B82467652AB8C19B00F39D84 /* Sources */ = {
			isa = PBXSourcesBuildPhase;
			buildActionMask = 2147483647;
			files = (
				B8AB87BB2ABC7AF600B3A575 /* Status.swift in Sources */,
				B8AB87992ABC202600B3A575 /* ResourcesScreen.swift in Sources */,
				B8AB87B72ABC6E3B00B3A575 /* StatusManager.swift in Sources */,
				B82467A02AB8C9AD00F39D84 /* APIRequest.swift in Sources */,
				B8979F932ABA22F4003203C4 /* AssetsScreen.swift in Sources */,
				B8AB87B32ABC6C9700B3A575 /* MediaFileAPIRequest.swift in Sources */,
				B8979FB12ABA2B8B003203C4 /* CGFloat+Values.swift in Sources */,
				B8A520BE2ABB370B0013FA4A /* ColorUtilities.swift in Sources */,
				B8AB87A82ABC524700B3A575 /* UploadManager.swift in Sources */,
				B8A520C22ABB5DDB0013FA4A /* LoadingView.swift in Sources */,
				B824676F2AB8C19B00F39D84 /* ContentView.swift in Sources */,
				B824679E2AB8C98D00F39D84 /* GetExists.swift in Sources */,
				B8979FAC2ABA28C6003203C4 /* FigmaShadow+Values.swift in Sources */,
				B82467B12AB8DB4E00F39D84 /* LoadState.swift in Sources */,
				B8AB87AC2ABC600C00B3A575 /* SuccessView.swift in Sources */,
				B824676D2AB8C19B00F39D84 /* MediaExportApp.swift in Sources */,
				B82467A62AB8D31900F39D84 /* MediaFile.swift in Sources */,
				B8661E6C2ABCE123006D46ED /* MediaId.swift in Sources */,
				B88043112ABB68A5001E6024 /* AuthorizationScreen.swift in Sources */,
				B85F96382ABAD95A004493B5 /* MediaGrid.swift in Sources */,
				B8979FB62ABA3289003203C4 /* Navigation.swift in Sources */,
				B8AB87A22ABC2E3100B3A575 /* BadgeView.swift in Sources */,
				B8AB879D2ABC269200B3A575 /* AuthorizationManager.swift in Sources */,
				B82467AE2AB8D73C00F39D84 /* PHAsset+Extensions.swift in Sources */,
				B8979F962ABA230F003203C4 /* Screen.swift in Sources */,
				B8AB87B02ABC6C2C00B3A575 /* GetStatus.swift in Sources */,
				B8AB87A42ABC327700B3A575 /* PHAssetMediaType+UI.swift in Sources */,
				B8AB87B52ABC6DA200B3A575 /* StatusScreen.swift in Sources */,
				B8979FA22ABA279A003203C4 /* StickyBottom.swift in Sources */,
				B8979FA42ABA27A2003203C4 /* StickyButton.swift in Sources */,
				B8979FAA2ABA2882003203C4 /* StyledButton.swift in Sources */,
				B8979FA72ABA2800003203C4 /* TextStyle+Values.swift in Sources */,
				B8AB87A02ABC2AF300B3A575 /* LoadStateView.swift in Sources */,
				B8AB87A62ABC522F00B3A575 /* UploadScreen.swift in Sources */,
				B8AB87BD2ABC855D00B3A575 /* MediaDirectory.swift in Sources */,
				B8A520C42ABB5E4F0013FA4A /* AssetsManager.swift in Sources */,
				B824679C2AB8C98700F39D84 /* PostUpload.swift in Sources */,
				B8AB879B2ABC226300B3A575 /* ResourcesManager.swift in Sources */,
				B8AB87AE2ABC61ED00B3A575 /* BarProgressView.swift in Sources */,
			);
			runOnlyForDeploymentPostprocessing = 0;
		};
		B82467762AB8C19C00F39D84 /* Sources */ = {
			isa = PBXSourcesBuildPhase;
			buildActionMask = 2147483647;
			files = (
				B8A520C02ABB47700013FA4A /* ColorUtilitiesTests.swift in Sources */,
				B8661E6E2ABCE239006D46ED /* MediaIdTests.swift in Sources */,
			);
			runOnlyForDeploymentPostprocessing = 0;
		};
		B82467802AB8C19C00F39D84 /* Sources */ = {
			isa = PBXSourcesBuildPhase;
			buildActionMask = 2147483647;
			files = (
				B82467892AB8C19D00F39D84 /* MediaExportUITests.swift in Sources */,
				B824678B2AB8C19D00F39D84 /* MediaExportUITestsLaunchTests.swift in Sources */,
			);
			runOnlyForDeploymentPostprocessing = 0;
		};
/* End PBXSourcesBuildPhase section */

/* Begin PBXTargetDependency section */
		B824677C2AB8C19C00F39D84 /* PBXTargetDependency */ = {
			isa = PBXTargetDependency;
			target = B82467682AB8C19B00F39D84 /* MediaExport */;
			targetProxy = B824677B2AB8C19C00F39D84 /* PBXContainerItemProxy */;
		};
		B82467862AB8C19C00F39D84 /* PBXTargetDependency */ = {
			isa = PBXTargetDependency;
			target = B82467682AB8C19B00F39D84 /* MediaExport */;
			targetProxy = B82467852AB8C19C00F39D84 /* PBXContainerItemProxy */;
		};
/* End PBXTargetDependency section */

/* Begin XCBuildConfiguration section */
		B824678C2AB8C19D00F39D84 /* Debug */ = {
			isa = XCBuildConfiguration;
			buildSettings = {
				ALWAYS_SEARCH_USER_PATHS = NO;
				ASSETCATALOG_COMPILER_GENERATE_SWIFT_ASSET_SYMBOL_EXTENSIONS = YES;
				CLANG_ANALYZER_NONNULL = YES;
				CLANG_ANALYZER_NUMBER_OBJECT_CONVERSION = YES_AGGRESSIVE;
				CLANG_CXX_LANGUAGE_STANDARD = "gnu++20";
				CLANG_ENABLE_MODULES = YES;
				CLANG_ENABLE_OBJC_ARC = YES;
				CLANG_ENABLE_OBJC_WEAK = YES;
				CLANG_WARN_BLOCK_CAPTURE_AUTORELEASING = YES;
				CLANG_WARN_BOOL_CONVERSION = YES;
				CLANG_WARN_COMMA = YES;
				CLANG_WARN_CONSTANT_CONVERSION = YES;
				CLANG_WARN_DEPRECATED_OBJC_IMPLEMENTATIONS = YES;
				CLANG_WARN_DIRECT_OBJC_ISA_USAGE = YES_ERROR;
				CLANG_WARN_DOCUMENTATION_COMMENTS = YES;
				CLANG_WARN_EMPTY_BODY = YES;
				CLANG_WARN_ENUM_CONVERSION = YES;
				CLANG_WARN_INFINITE_RECURSION = YES;
				CLANG_WARN_INT_CONVERSION = YES;
				CLANG_WARN_NON_LITERAL_NULL_CONVERSION = YES;
				CLANG_WARN_OBJC_IMPLICIT_RETAIN_SELF = YES;
				CLANG_WARN_OBJC_LITERAL_CONVERSION = YES;
				CLANG_WARN_OBJC_ROOT_CLASS = YES_ERROR;
				CLANG_WARN_QUOTED_INCLUDE_IN_FRAMEWORK_HEADER = YES;
				CLANG_WARN_RANGE_LOOP_ANALYSIS = YES;
				CLANG_WARN_STRICT_PROTOTYPES = YES;
				CLANG_WARN_SUSPICIOUS_MOVE = YES;
				CLANG_WARN_UNGUARDED_AVAILABILITY = YES_AGGRESSIVE;
				CLANG_WARN_UNREACHABLE_CODE = YES;
				CLANG_WARN__DUPLICATE_METHOD_MATCH = YES;
				COPY_PHASE_STRIP = NO;
				DEAD_CODE_STRIPPING = YES;
				DEBUG_INFORMATION_FORMAT = dwarf;
				ENABLE_STRICT_OBJC_MSGSEND = YES;
				ENABLE_TESTABILITY = YES;
				GCC_C_LANGUAGE_STANDARD = gnu11;
				GCC_DYNAMIC_NO_PIC = NO;
				GCC_NO_COMMON_BLOCKS = YES;
				GCC_OPTIMIZATION_LEVEL = 0;
				GCC_PREPROCESSOR_DEFINITIONS = (
					"DEBUG=1",
					"$(inherited)",
				);
				GCC_WARN_64_TO_32_BIT_CONVERSION = YES;
				GCC_WARN_ABOUT_RETURN_TYPE = YES_ERROR;
				GCC_WARN_UNDECLARED_SELECTOR = YES;
				GCC_WARN_UNINITIALIZED_AUTOS = YES_AGGRESSIVE;
				GCC_WARN_UNUSED_FUNCTION = YES;
				GCC_WARN_UNUSED_VARIABLE = YES;
				MTL_ENABLE_DEBUG_INFO = INCLUDE_SOURCE;
				MTL_FAST_MATH = YES;
				ONLY_ACTIVE_ARCH = YES;
				SWIFT_ACTIVE_COMPILATION_CONDITIONS = DEBUG;
				SWIFT_OPTIMIZATION_LEVEL = "-Onone";
			};
			name = Debug;
		};
		B824678D2AB8C19D00F39D84 /* Release */ = {
			isa = XCBuildConfiguration;
			buildSettings = {
				ALWAYS_SEARCH_USER_PATHS = NO;
				ASSETCATALOG_COMPILER_GENERATE_SWIFT_ASSET_SYMBOL_EXTENSIONS = YES;
				CLANG_ANALYZER_NONNULL = YES;
				CLANG_ANALYZER_NUMBER_OBJECT_CONVERSION = YES_AGGRESSIVE;
				CLANG_CXX_LANGUAGE_STANDARD = "gnu++20";
				CLANG_ENABLE_MODULES = YES;
				CLANG_ENABLE_OBJC_ARC = YES;
				CLANG_ENABLE_OBJC_WEAK = YES;
				CLANG_WARN_BLOCK_CAPTURE_AUTORELEASING = YES;
				CLANG_WARN_BOOL_CONVERSION = YES;
				CLANG_WARN_COMMA = YES;
				CLANG_WARN_CONSTANT_CONVERSION = YES;
				CLANG_WARN_DEPRECATED_OBJC_IMPLEMENTATIONS = YES;
				CLANG_WARN_DIRECT_OBJC_ISA_USAGE = YES_ERROR;
				CLANG_WARN_DOCUMENTATION_COMMENTS = YES;
				CLANG_WARN_EMPTY_BODY = YES;
				CLANG_WARN_ENUM_CONVERSION = YES;
				CLANG_WARN_INFINITE_RECURSION = YES;
				CLANG_WARN_INT_CONVERSION = YES;
				CLANG_WARN_NON_LITERAL_NULL_CONVERSION = YES;
				CLANG_WARN_OBJC_IMPLICIT_RETAIN_SELF = YES;
				CLANG_WARN_OBJC_LITERAL_CONVERSION = YES;
				CLANG_WARN_OBJC_ROOT_CLASS = YES_ERROR;
				CLANG_WARN_QUOTED_INCLUDE_IN_FRAMEWORK_HEADER = YES;
				CLANG_WARN_RANGE_LOOP_ANALYSIS = YES;
				CLANG_WARN_STRICT_PROTOTYPES = YES;
				CLANG_WARN_SUSPICIOUS_MOVE = YES;
				CLANG_WARN_UNGUARDED_AVAILABILITY = YES_AGGRESSIVE;
				CLANG_WARN_UNREACHABLE_CODE = YES;
				CLANG_WARN__DUPLICATE_METHOD_MATCH = YES;
				COPY_PHASE_STRIP = NO;
				DEAD_CODE_STRIPPING = YES;
				DEBUG_INFORMATION_FORMAT = "dwarf-with-dsym";
				ENABLE_NS_ASSERTIONS = NO;
				ENABLE_STRICT_OBJC_MSGSEND = YES;
				GCC_C_LANGUAGE_STANDARD = gnu11;
				GCC_NO_COMMON_BLOCKS = YES;
				GCC_WARN_64_TO_32_BIT_CONVERSION = YES;
				GCC_WARN_ABOUT_RETURN_TYPE = YES_ERROR;
				GCC_WARN_UNDECLARED_SELECTOR = YES;
				GCC_WARN_UNINITIALIZED_AUTOS = YES_AGGRESSIVE;
				GCC_WARN_UNUSED_FUNCTION = YES;
				GCC_WARN_UNUSED_VARIABLE = YES;
				MTL_ENABLE_DEBUG_INFO = NO;
				MTL_FAST_MATH = YES;
				SWIFT_COMPILATION_MODE = wholemodule;
				SWIFT_OPTIMIZATION_LEVEL = "-O";
			};
			name = Release;
		};
		B824678F2AB8C19D00F39D84 /* Debug */ = {
			isa = XCBuildConfiguration;
			buildSettings = {
				ASSETCATALOG_COMPILER_APPICON_NAME = AppIcon;
				ASSETCATALOG_COMPILER_GENERATE_SWIFT_ASSET_SYMBOL_EXTENSIONS = YES;
				ASSETCATALOG_COMPILER_GLOBAL_ACCENT_COLOR_NAME = AccentColor;
				CODE_SIGN_ENTITLEMENTS = MediaExport/MediaExport.entitlements;
				CODE_SIGN_STYLE = Automatic;
				CURRENT_PROJECT_VERSION = 1;
				DEAD_CODE_STRIPPING = YES;
				DEVELOPMENT_ASSET_PATHS = "\"MediaExport/Assets/PreviewAssets.xcassets\"";
				DEVELOPMENT_TEAM = 5353635B2M;
				ENABLE_PREVIEWS = YES;
				GENERATE_INFOPLIST_FILE = YES;
				INFOPLIST_KEY_CFBundleDisplayName = "Media Export";
				INFOPLIST_KEY_LSApplicationCategoryType = "public.app-category.developer-tools";
				INFOPLIST_KEY_NSPhotoLibraryUsageDescription = "Export all media files to storage";
				"INFOPLIST_KEY_UIApplicationSceneManifest_Generation[sdk=iphoneos*]" = YES;
				"INFOPLIST_KEY_UIApplicationSceneManifest_Generation[sdk=iphonesimulator*]" = YES;
				"INFOPLIST_KEY_UIApplicationSupportsIndirectInputEvents[sdk=iphoneos*]" = YES;
				"INFOPLIST_KEY_UIApplicationSupportsIndirectInputEvents[sdk=iphonesimulator*]" = YES;
				"INFOPLIST_KEY_UILaunchScreen_Generation[sdk=iphoneos*]" = YES;
				"INFOPLIST_KEY_UILaunchScreen_Generation[sdk=iphonesimulator*]" = YES;
				"INFOPLIST_KEY_UIStatusBarStyle[sdk=iphoneos*]" = UIStatusBarStyleDefault;
				"INFOPLIST_KEY_UIStatusBarStyle[sdk=iphonesimulator*]" = UIStatusBarStyleDefault;
				INFOPLIST_KEY_UISupportedInterfaceOrientations = UIInterfaceOrientationPortrait;
				INFOPLIST_KEY_UIUserInterfaceStyle = Light;
				IPHONEOS_DEPLOYMENT_TARGET = 16.0;
				LD_RUNPATH_SEARCH_PATHS = "@executable_path/Frameworks";
				"LD_RUNPATH_SEARCH_PATHS[sdk=macosx*]" = "@executable_path/../Frameworks";
				LOCALIZATION_PREFERS_STRING_CATALOGS = YES;
				MARKETING_VERSION = 1.0.0;
				PRODUCT_BUNDLE_IDENTIFIER = com.benshutt.MediaExport;
				PRODUCT_NAME = "$(TARGET_NAME)";
				SDKROOT = auto;
				SUPPORTED_PLATFORMS = "iphoneos iphonesimulator";
				SUPPORTS_MACCATALYST = NO;
				SWIFT_EMIT_LOC_STRINGS = YES;
				SWIFT_VERSION = 5.0;
				TARGETED_DEVICE_FAMILY = 1;
			};
			name = Debug;
		};
		B82467902AB8C19D00F39D84 /* Release */ = {
			isa = XCBuildConfiguration;
			buildSettings = {
				ASSETCATALOG_COMPILER_APPICON_NAME = AppIcon;
				ASSETCATALOG_COMPILER_GENERATE_SWIFT_ASSET_SYMBOL_EXTENSIONS = YES;
				ASSETCATALOG_COMPILER_GLOBAL_ACCENT_COLOR_NAME = AccentColor;
				CODE_SIGN_ENTITLEMENTS = MediaExport/MediaExport.entitlements;
				CODE_SIGN_STYLE = Automatic;
				CURRENT_PROJECT_VERSION = 1;
				DEAD_CODE_STRIPPING = YES;
				DEVELOPMENT_ASSET_PATHS = "\"MediaExport/Assets/PreviewAssets.xcassets\"";
				DEVELOPMENT_TEAM = 5353635B2M;
				ENABLE_PREVIEWS = YES;
				GENERATE_INFOPLIST_FILE = YES;
				INFOPLIST_KEY_CFBundleDisplayName = "Media Export";
				INFOPLIST_KEY_LSApplicationCategoryType = "public.app-category.developer-tools";
				INFOPLIST_KEY_NSPhotoLibraryUsageDescription = "Export all media files to storage";
				"INFOPLIST_KEY_UIApplicationSceneManifest_Generation[sdk=iphoneos*]" = YES;
				"INFOPLIST_KEY_UIApplicationSceneManifest_Generation[sdk=iphonesimulator*]" = YES;
				"INFOPLIST_KEY_UIApplicationSupportsIndirectInputEvents[sdk=iphoneos*]" = YES;
				"INFOPLIST_KEY_UIApplicationSupportsIndirectInputEvents[sdk=iphonesimulator*]" = YES;
				"INFOPLIST_KEY_UILaunchScreen_Generation[sdk=iphoneos*]" = YES;
				"INFOPLIST_KEY_UILaunchScreen_Generation[sdk=iphonesimulator*]" = YES;
				"INFOPLIST_KEY_UIStatusBarStyle[sdk=iphoneos*]" = UIStatusBarStyleDefault;
				"INFOPLIST_KEY_UIStatusBarStyle[sdk=iphonesimulator*]" = UIStatusBarStyleDefault;
				INFOPLIST_KEY_UISupportedInterfaceOrientations = UIInterfaceOrientationPortrait;
				INFOPLIST_KEY_UIUserInterfaceStyle = Light;
				IPHONEOS_DEPLOYMENT_TARGET = 16.0;
				LD_RUNPATH_SEARCH_PATHS = "@executable_path/Frameworks";
				"LD_RUNPATH_SEARCH_PATHS[sdk=macosx*]" = "@executable_path/../Frameworks";
				LOCALIZATION_PREFERS_STRING_CATALOGS = YES;
				MARKETING_VERSION = 1.0.0;
				PRODUCT_BUNDLE_IDENTIFIER = com.benshutt.MediaExport;
				PRODUCT_NAME = "$(TARGET_NAME)";
				SDKROOT = auto;
				SUPPORTED_PLATFORMS = "iphoneos iphonesimulator";
				SUPPORTS_MACCATALYST = NO;
				SWIFT_EMIT_LOC_STRINGS = YES;
				SWIFT_VERSION = 5.0;
				TARGETED_DEVICE_FAMILY = 1;
			};
			name = Release;
		};
		B82467922AB8C19D00F39D84 /* Debug */ = {
			isa = XCBuildConfiguration;
			buildSettings = {
				ALWAYS_EMBED_SWIFT_STANDARD_LIBRARIES = YES;
				BUNDLE_LOADER = "$(TEST_HOST)";
				CODE_SIGN_STYLE = Automatic;
				CURRENT_PROJECT_VERSION = 1;
				DEAD_CODE_STRIPPING = YES;
				GENERATE_INFOPLIST_FILE = YES;
				IPHONEOS_DEPLOYMENT_TARGET = 16.4;
				MACOSX_DEPLOYMENT_TARGET = 13.3;
				MARKETING_VERSION = 1.0;
				PRODUCT_BUNDLE_IDENTIFIER = com.benshutt.MediaExportTests;
				PRODUCT_NAME = "$(TARGET_NAME)";
				SDKROOT = auto;
				SUPPORTED_PLATFORMS = "iphoneos iphonesimulator macosx";
				SWIFT_EMIT_LOC_STRINGS = NO;
				SWIFT_VERSION = 5.0;
				TARGETED_DEVICE_FAMILY = "1,2";
				TEST_HOST = "$(BUILT_PRODUCTS_DIR)/MediaExport.app/$(BUNDLE_EXECUTABLE_FOLDER_PATH)/MediaExport";
			};
			name = Debug;
		};
		B82467932AB8C19D00F39D84 /* Release */ = {
			isa = XCBuildConfiguration;
			buildSettings = {
				ALWAYS_EMBED_SWIFT_STANDARD_LIBRARIES = YES;
				BUNDLE_LOADER = "$(TEST_HOST)";
				CODE_SIGN_STYLE = Automatic;
				CURRENT_PROJECT_VERSION = 1;
				DEAD_CODE_STRIPPING = YES;
				GENERATE_INFOPLIST_FILE = YES;
				IPHONEOS_DEPLOYMENT_TARGET = 16.4;
				MACOSX_DEPLOYMENT_TARGET = 13.3;
				MARKETING_VERSION = 1.0;
				PRODUCT_BUNDLE_IDENTIFIER = com.benshutt.MediaExportTests;
				PRODUCT_NAME = "$(TARGET_NAME)";
				SDKROOT = auto;
				SUPPORTED_PLATFORMS = "iphoneos iphonesimulator macosx";
				SWIFT_EMIT_LOC_STRINGS = NO;
				SWIFT_VERSION = 5.0;
				TARGETED_DEVICE_FAMILY = "1,2";
				TEST_HOST = "$(BUILT_PRODUCTS_DIR)/MediaExport.app/$(BUNDLE_EXECUTABLE_FOLDER_PATH)/MediaExport";
			};
			name = Release;
		};
		B82467952AB8C19D00F39D84 /* Debug */ = {
			isa = XCBuildConfiguration;
			buildSettings = {
				ALWAYS_EMBED_SWIFT_STANDARD_LIBRARIES = YES;
				CODE_SIGN_STYLE = Automatic;
				CURRENT_PROJECT_VERSION = 1;
				DEAD_CODE_STRIPPING = YES;
				GENERATE_INFOPLIST_FILE = YES;
				IPHONEOS_DEPLOYMENT_TARGET = 16.4;
				MACOSX_DEPLOYMENT_TARGET = 13.3;
				MARKETING_VERSION = 1.0;
				PRODUCT_BUNDLE_IDENTIFIER = com.benshutt.MediaExportUITests;
				PRODUCT_NAME = "$(TARGET_NAME)";
				SDKROOT = auto;
				SUPPORTED_PLATFORMS = "iphoneos iphonesimulator macosx";
				SWIFT_EMIT_LOC_STRINGS = NO;
				SWIFT_VERSION = 5.0;
				TARGETED_DEVICE_FAMILY = "1,2";
				TEST_TARGET_NAME = MediaExport;
			};
			name = Debug;
		};
		B82467962AB8C19D00F39D84 /* Release */ = {
			isa = XCBuildConfiguration;
			buildSettings = {
				ALWAYS_EMBED_SWIFT_STANDARD_LIBRARIES = YES;
				CODE_SIGN_STYLE = Automatic;
				CURRENT_PROJECT_VERSION = 1;
				DEAD_CODE_STRIPPING = YES;
				GENERATE_INFOPLIST_FILE = YES;
				IPHONEOS_DEPLOYMENT_TARGET = 16.4;
				MACOSX_DEPLOYMENT_TARGET = 13.3;
				MARKETING_VERSION = 1.0;
				PRODUCT_BUNDLE_IDENTIFIER = com.benshutt.MediaExportUITests;
				PRODUCT_NAME = "$(TARGET_NAME)";
				SDKROOT = auto;
				SUPPORTED_PLATFORMS = "iphoneos iphonesimulator macosx";
				SWIFT_EMIT_LOC_STRINGS = NO;
				SWIFT_VERSION = 5.0;
				TARGETED_DEVICE_FAMILY = "1,2";
				TEST_TARGET_NAME = MediaExport;
			};
			name = Release;
		};
/* End XCBuildConfiguration section */

/* Begin XCConfigurationList section */
		B82467642AB8C19B00F39D84 /* Build configuration list for PBXProject "MediaExport" */ = {
			isa = XCConfigurationList;
			buildConfigurations = (
				B824678C2AB8C19D00F39D84 /* Debug */,
				B824678D2AB8C19D00F39D84 /* Release */,
			);
			defaultConfigurationIsVisible = 0;
			defaultConfigurationName = Release;
		};
		B824678E2AB8C19D00F39D84 /* Build configuration list for PBXNativeTarget "MediaExport" */ = {
			isa = XCConfigurationList;
			buildConfigurations = (
				B824678F2AB8C19D00F39D84 /* Debug */,
				B82467902AB8C19D00F39D84 /* Release */,
			);
			defaultConfigurationIsVisible = 0;
			defaultConfigurationName = Release;
		};
		B82467912AB8C19D00F39D84 /* Build configuration list for PBXNativeTarget "MediaExportTests" */ = {
			isa = XCConfigurationList;
			buildConfigurations = (
				B82467922AB8C19D00F39D84 /* Debug */,
				B82467932AB8C19D00F39D84 /* Release */,
			);
			defaultConfigurationIsVisible = 0;
			defaultConfigurationName = Release;
		};
		B82467942AB8C19D00F39D84 /* Build configuration list for PBXNativeTarget "MediaExportUITests" */ = {
			isa = XCConfigurationList;
			buildConfigurations = (
				B82467952AB8C19D00F39D84 /* Debug */,
				B82467962AB8C19D00F39D84 /* Release */,
			);
			defaultConfigurationIsVisible = 0;
			defaultConfigurationName = Release;
		};
/* End XCConfigurationList section */

/* Begin XCRemoteSwiftPackageReference section */
		B82467982AB8C97C00F39D84 /* XCRemoteSwiftPackageReference "DataRequest" */ = {
			isa = XCRemoteSwiftPackageReference;
			repositoryURL = "https://github.com/BenShutt/DataRequest";
			requirement = {
				branch = main;
				kind = branch;
			};
		};
		B8979F972ABA273E003203C4 /* XCRemoteSwiftPackageReference "cubefoundation-ios" */ = {
			isa = XCRemoteSwiftPackageReference;
			repositoryURL = "https://github.com/3sidedcube/cubefoundation-ios";
			requirement = {
				branch = develop;
				kind = branch;
			};
		};
/* End XCRemoteSwiftPackageReference section */

/* Begin XCSwiftPackageProductDependency section */
		B82467992AB8C97C00F39D84 /* DataRequest */ = {
			isa = XCSwiftPackageProductDependency;
			package = B82467982AB8C97C00F39D84 /* XCRemoteSwiftPackageReference "DataRequest" */;
			productName = DataRequest;
		};
		B8979F982ABA273E003203C4 /* CubeFoundation */ = {
			isa = XCSwiftPackageProductDependency;
			package = B8979F972ABA273E003203C4 /* XCRemoteSwiftPackageReference "cubefoundation-ios" */;
			productName = CubeFoundation;
		};
		B8979F9A2ABA273E003203C4 /* CubeFoundationSwiftUI */ = {
			isa = XCSwiftPackageProductDependency;
			package = B8979F972ABA273E003203C4 /* XCRemoteSwiftPackageReference "cubefoundation-ios" */;
			productName = CubeFoundationSwiftUI;
		};
/* End XCSwiftPackageProductDependency section */
	};
	rootObject = B82467612AB8C19B00F39D84 /* Project object */;
}
