// !$*UTF8*$!
{
	archiveVersion = 1;
	classes = {
	};
	objectVersion = 56;
	objects = {

/* Begin PBXBuildFile section */
		B824676D2AB8C19B00F39D84 /* MediaExportApp.swift in Sources */ = {isa = PBXBuildFile; fileRef = B824676C2AB8C19B00F39D84 /* MediaExportApp.swift */; };
		B824676F2AB8C19B00F39D84 /* ContentView.swift in Sources */ = {isa = PBXBuildFile; fileRef = B824676E2AB8C19B00F39D84 /* ContentView.swift */; };
		B82467712AB8C19C00F39D84 /* Assets.xcassets in Resources */ = {isa = PBXBuildFile; fileRef = B82467702AB8C19C00F39D84 /* Assets.xcassets */; };
		B82467752AB8C19C00F39D84 /* Preview Assets.xcassets in Resources */ = {isa = PBXBuildFile; fileRef = B82467742AB8C19C00F39D84 /* Preview Assets.xcassets */; };
		B824677F2AB8C19C00F39D84 /* MediaExportTests.swift in Sources */ = {isa = PBXBuildFile; fileRef = B824677E2AB8C19C00F39D84 /* MediaExportTests.swift */; };
		B82467892AB8C19D00F39D84 /* MediaExportUITests.swift in Sources */ = {isa = PBXBuildFile; fileRef = B82467882AB8C19D00F39D84 /* MediaExportUITests.swift */; };
		B824678B2AB8C19D00F39D84 /* MediaExportUITestsLaunchTests.swift in Sources */ = {isa = PBXBuildFile; fileRef = B824678A2AB8C19D00F39D84 /* MediaExportUITestsLaunchTests.swift */; };
		B824679A2AB8C97C00F39D84 /* DataRequest in Frameworks */ = {isa = PBXBuildFile; productRef = B82467992AB8C97C00F39D84 /* DataRequest */; };
		B824679C2AB8C98700F39D84 /* Upload.swift in Sources */ = {isa = PBXBuildFile; fileRef = B824679B2AB8C98700F39D84 /* Upload.swift */; };
		B824679E2AB8C98D00F39D84 /* Exists.swift in Sources */ = {isa = PBXBuildFile; fileRef = B824679D2AB8C98D00F39D84 /* Exists.swift */; };
		B82467A02AB8C9AD00F39D84 /* APIRequest.swift in Sources */ = {isa = PBXBuildFile; fileRef = B824679F2AB8C9AD00F39D84 /* APIRequest.swift */; };
		B82467A32AB8D1B000F39D84 /* Status.swift in Sources */ = {isa = PBXBuildFile; fileRef = B82467A22AB8D1B000F39D84 /* Status.swift */; };
		B82467A62AB8D31900F39D84 /* MediaFile.swift in Sources */ = {isa = PBXBuildFile; fileRef = B82467A52AB8D31900F39D84 /* MediaFile.swift */; };
		B82467A92AB8D4DC00F39D84 /* APIError.swift in Sources */ = {isa = PBXBuildFile; fileRef = B82467A82AB8D4DC00F39D84 /* APIError.swift */; };
		B82467AC2AB8D6EA00F39D84 /* PhotoLibrary.swift in Sources */ = {isa = PBXBuildFile; fileRef = B82467AB2AB8D6EA00F39D84 /* PhotoLibrary.swift */; };
		B82467AE2AB8D73C00F39D84 /* PHAsset+Extensions.swift in Sources */ = {isa = PBXBuildFile; fileRef = B82467AD2AB8D73C00F39D84 /* PHAsset+Extensions.swift */; };
		B82467B12AB8DB4E00F39D84 /* LoadState.swift in Sources */ = {isa = PBXBuildFile; fileRef = B82467B02AB8DB4E00F39D84 /* LoadState.swift */; };
		B82467B42AB8DC0800F39D84 /* String+Values.swift in Sources */ = {isa = PBXBuildFile; fileRef = B82467B32AB8DC0800F39D84 /* String+Values.swift */; };
/* End PBXBuildFile section */

/* Begin PBXContainerItemProxy section */
		B824677B2AB8C19C00F39D84 /* PBXContainerItemProxy */ = {
			isa = PBXContainerItemProxy;
			containerPortal = B82467612AB8C19B00F39D84 /* Project object */;
			proxyType = 1;
			remoteGlobalIDString = B82467682AB8C19B00F39D84;
			remoteInfo = MediaExport;
		};
		B82467852AB8C19C00F39D84 /* PBXContainerItemProxy */ = {
			isa = PBXContainerItemProxy;
			containerPortal = B82467612AB8C19B00F39D84 /* Project object */;
			proxyType = 1;
			remoteGlobalIDString = B82467682AB8C19B00F39D84;
			remoteInfo = MediaExport;
		};
/* End PBXContainerItemProxy section */

/* Begin PBXFileReference section */
		B82467692AB8C19B00F39D84 /* MediaExport.app */ = {isa = PBXFileReference; explicitFileType = wrapper.application; includeInIndex = 0; path = MediaExport.app; sourceTree = BUILT_PRODUCTS_DIR; };
		B824676C2AB8C19B00F39D84 /* MediaExportApp.swift */ = {isa = PBXFileReference; lastKnownFileType = sourcecode.swift; path = MediaExportApp.swift; sourceTree = "<group>"; };
		B824676E2AB8C19B00F39D84 /* ContentView.swift */ = {isa = PBXFileReference; lastKnownFileType = sourcecode.swift; path = ContentView.swift; sourceTree = "<group>"; };
		B82467702AB8C19C00F39D84 /* Assets.xcassets */ = {isa = PBXFileReference; lastKnownFileType = folder.assetcatalog; path = Assets.xcassets; sourceTree = "<group>"; };
		B82467722AB8C19C00F39D84 /* MediaExport.entitlements */ = {isa = PBXFileReference; lastKnownFileType = text.plist.entitlements; path = MediaExport.entitlements; sourceTree = "<group>"; };
		B82467742AB8C19C00F39D84 /* Preview Assets.xcassets */ = {isa = PBXFileReference; lastKnownFileType = folder.assetcatalog; path = "Preview Assets.xcassets"; sourceTree = "<group>"; };
		B824677A2AB8C19C00F39D84 /* MediaExportTests.xctest */ = {isa = PBXFileReference; explicitFileType = wrapper.cfbundle; includeInIndex = 0; path = MediaExportTests.xctest; sourceTree = BUILT_PRODUCTS_DIR; };
		B824677E2AB8C19C00F39D84 /* MediaExportTests.swift */ = {isa = PBXFileReference; lastKnownFileType = sourcecode.swift; path = MediaExportTests.swift; sourceTree = "<group>"; };
		B82467842AB8C19C00F39D84 /* MediaExportUITests.xctest */ = {isa = PBXFileReference; explicitFileType = wrapper.cfbundle; includeInIndex = 0; path = MediaExportUITests.xctest; sourceTree = BUILT_PRODUCTS_DIR; };
		B82467882AB8C19D00F39D84 /* MediaExportUITests.swift */ = {isa = PBXFileReference; lastKnownFileType = sourcecode.swift; path = MediaExportUITests.swift; sourceTree = "<group>"; };
		B824678A2AB8C19D00F39D84 /* MediaExportUITestsLaunchTests.swift */ = {isa = PBXFileReference; lastKnownFileType = sourcecode.swift; path = MediaExportUITestsLaunchTests.swift; sourceTree = "<group>"; };
		B824679B2AB8C98700F39D84 /* Upload.swift */ = {isa = PBXFileReference; lastKnownFileType = sourcecode.swift; path = Upload.swift; sourceTree = "<group>"; };
		B824679D2AB8C98D00F39D84 /* Exists.swift */ = {isa = PBXFileReference; lastKnownFileType = sourcecode.swift; path = Exists.swift; sourceTree = "<group>"; };
		B824679F2AB8C9AD00F39D84 /* APIRequest.swift */ = {isa = PBXFileReference; lastKnownFileType = sourcecode.swift; path = APIRequest.swift; sourceTree = "<group>"; };
		B82467A22AB8D1B000F39D84 /* Status.swift */ = {isa = PBXFileReference; lastKnownFileType = sourcecode.swift; path = Status.swift; sourceTree = "<group>"; };
		B82467A52AB8D31900F39D84 /* MediaFile.swift */ = {isa = PBXFileReference; lastKnownFileType = sourcecode.swift; path = MediaFile.swift; sourceTree = "<group>"; };
		B82467A82AB8D4DC00F39D84 /* APIError.swift */ = {isa = PBXFileReference; lastKnownFileType = sourcecode.swift; path = APIError.swift; sourceTree = "<group>"; };
		B82467AB2AB8D6EA00F39D84 /* PhotoLibrary.swift */ = {isa = PBXFileReference; lastKnownFileType = sourcecode.swift; path = PhotoLibrary.swift; sourceTree = "<group>"; };
		B82467AD2AB8D73C00F39D84 /* PHAsset+Extensions.swift */ = {isa = PBXFileReference; lastKnownFileType = sourcecode.swift; path = "PHAsset+Extensions.swift"; sourceTree = "<group>"; };
		B82467B02AB8DB4E00F39D84 /* LoadState.swift */ = {isa = PBXFileReference; lastKnownFileType = sourcecode.swift; path = LoadState.swift; sourceTree = "<group>"; };
		B82467B32AB8DC0800F39D84 /* String+Values.swift */ = {isa = PBXFileReference; lastKnownFileType = sourcecode.swift; path = "String+Values.swift"; sourceTree = "<group>"; };
/* End PBXFileReference section */

/* Begin PBXFrameworksBuildPhase section */
		B82467662AB8C19B00F39D84 /* Frameworks */ = {
			isa = PBXFrameworksBuildPhase;
			buildActionMask = 2147483647;
			files = (
				B824679A2AB8C97C00F39D84 /* DataRequest in Frameworks */,
			);
			runOnlyForDeploymentPostprocessing = 0;
		};
		B82467772AB8C19C00F39D84 /* Frameworks */ = {
			isa = PBXFrameworksBuildPhase;
			buildActionMask = 2147483647;
			files = (
			);
			runOnlyForDeploymentPostprocessing = 0;
		};
		B82467812AB8C19C00F39D84 /* Frameworks */ = {
			isa = PBXFrameworksBuildPhase;
			buildActionMask = 2147483647;
			files = (
			);
			runOnlyForDeploymentPostprocessing = 0;
		};
/* End PBXFrameworksBuildPhase section */

/* Begin PBXGroup section */
		B82467602AB8C19B00F39D84 = {
			isa = PBXGroup;
			children = (
				B824676B2AB8C19B00F39D84 /* MediaExport */,
				B824677D2AB8C19C00F39D84 /* MediaExportTests */,
				B82467872AB8C19D00F39D84 /* MediaExportUITests */,
				B824676A2AB8C19B00F39D84 /* Products */,
			);
			sourceTree = "<group>";
		};
		B824676A2AB8C19B00F39D84 /* Products */ = {
			isa = PBXGroup;
			children = (
				B82467692AB8C19B00F39D84 /* MediaExport.app */,
				B824677A2AB8C19C00F39D84 /* MediaExportTests.xctest */,
				B82467842AB8C19C00F39D84 /* MediaExportUITests.xctest */,
			);
			name = Products;
			sourceTree = "<group>";
		};
		B824676B2AB8C19B00F39D84 /* MediaExport */ = {
			isa = PBXGroup;
			children = (
				B82467B22AB8DBFE00F39D84 /* Resources */,
				B82467AF2AB8D97B00F39D84 /* Views */,
				B82467AA2AB8D6DE00F39D84 /* PhotoLibrary */,
				B82467A12AB8D1A800F39D84 /* Models */,
				B82467972AB8C7E900F39D84 /* Endpoints */,
				B824676C2AB8C19B00F39D84 /* MediaExportApp.swift */,
				B82467702AB8C19C00F39D84 /* Assets.xcassets */,
				B82467722AB8C19C00F39D84 /* MediaExport.entitlements */,
				B82467732AB8C19C00F39D84 /* Preview Content */,
			);
			path = MediaExport;
			sourceTree = "<group>";
		};
		B82467732AB8C19C00F39D84 /* Preview Content */ = {
			isa = PBXGroup;
			children = (
				B82467742AB8C19C00F39D84 /* Preview Assets.xcassets */,
			);
			path = "Preview Content";
			sourceTree = "<group>";
		};
		B824677D2AB8C19C00F39D84 /* MediaExportTests */ = {
			isa = PBXGroup;
			children = (
				B824677E2AB8C19C00F39D84 /* MediaExportTests.swift */,
			);
			path = MediaExportTests;
			sourceTree = "<group>";
		};
		B82467872AB8C19D00F39D84 /* MediaExportUITests */ = {
			isa = PBXGroup;
			children = (
				B82467882AB8C19D00F39D84 /* MediaExportUITests.swift */,
				B824678A2AB8C19D00F39D84 /* MediaExportUITestsLaunchTests.swift */,
			);
			path = MediaExportUITests;
			sourceTree = "<group>";
		};
		B82467972AB8C7E900F39D84 /* Endpoints */ = {
			isa = PBXGroup;
			children = (
				B824679F2AB8C9AD00F39D84 /* APIRequest.swift */,
				B824679B2AB8C98700F39D84 /* Upload.swift */,
				B824679D2AB8C98D00F39D84 /* Exists.swift */,
			);
			path = Endpoints;
			sourceTree = "<group>";
		};
		B82467A12AB8D1A800F39D84 /* Models */ = {
			isa = PBXGroup;
			children = (
				B82467A82AB8D4DC00F39D84 /* APIError.swift */,
				B82467A22AB8D1B000F39D84 /* Status.swift */,
				B82467A52AB8D31900F39D84 /* MediaFile.swift */,
			);
			path = Models;
			sourceTree = "<group>";
		};
		B82467AA2AB8D6DE00F39D84 /* PhotoLibrary */ = {
			isa = PBXGroup;
			children = (
				B82467AB2AB8D6EA00F39D84 /* PhotoLibrary.swift */,
				B82467AD2AB8D73C00F39D84 /* PHAsset+Extensions.swift */,
			);
			path = PhotoLibrary;
			sourceTree = "<group>";
		};
		B82467AF2AB8D97B00F39D84 /* Views */ = {
			isa = PBXGroup;
			children = (
				B824676E2AB8C19B00F39D84 /* ContentView.swift */,
				B82467B02AB8DB4E00F39D84 /* LoadState.swift */,
			);
			path = Views;
			sourceTree = "<group>";
		};
		B82467B22AB8DBFE00F39D84 /* Resources */ = {
			isa = PBXGroup;
			children = (
				B82467B32AB8DC0800F39D84 /* String+Values.swift */,
			);
			path = Resources;
			sourceTree = "<group>";
		};
/* End PBXGroup section */

/* Begin PBXNativeTarget section */
		B82467682AB8C19B00F39D84 /* MediaExport */ = {
			isa = PBXNativeTarget;
			buildConfigurationList = B824678E2AB8C19D00F39D84 /* Build configuration list for PBXNativeTarget "MediaExport" */;
			buildPhases = (
				B82467B52AB8DE3E00F39D84 /* SwiftLint */,
				B82467652AB8C19B00F39D84 /* Sources */,
				B82467662AB8C19B00F39D84 /* Frameworks */,
				B82467672AB8C19B00F39D84 /* Resources */,
			);
			buildRules = (
			);
			dependencies = (
			);
			name = MediaExport;
			packageProductDependencies = (
				B82467992AB8C97C00F39D84 /* DataRequest */,
			);
			productName = MediaExport;
			productReference = B82467692AB8C19B00F39D84 /* MediaExport.app */;
			productType = "com.apple.product-type.application";
		};
		B82467792AB8C19C00F39D84 /* MediaExportTests */ = {
			isa = PBXNativeTarget;
			buildConfigurationList = B82467912AB8C19D00F39D84 /* Build configuration list for PBXNativeTarget "MediaExportTests" */;
			buildPhases = (
				B82467762AB8C19C00F39D84 /* Sources */,
				B82467772AB8C19C00F39D84 /* Frameworks */,
				B82467782AB8C19C00F39D84 /* Resources */,
			);
			buildRules = (
			);
			dependencies = (
				B824677C2AB8C19C00F39D84 /* PBXTargetDependency */,
			);
			name = MediaExportTests;
			productName = MediaExportTests;
			productReference = B824677A2AB8C19C00F39D84 /* MediaExportTests.xctest */;
			productType = "com.apple.product-type.bundle.unit-test";
		};
		B82467832AB8C19C00F39D84 /* MediaExportUITests */ = {
			isa = PBXNativeTarget;
			buildConfigurationList = B82467942AB8C19D00F39D84 /* Build configuration list for PBXNativeTarget "MediaExportUITests" */;
			buildPhases = (
				B82467802AB8C19C00F39D84 /* Sources */,
				B82467812AB8C19C00F39D84 /* Frameworks */,
				B82467822AB8C19C00F39D84 /* Resources */,
			);
			buildRules = (
			);
			dependencies = (
				B82467862AB8C19C00F39D84 /* PBXTargetDependency */,
			);
			name = MediaExportUITests;
			productName = MediaExportUITests;
			productReference = B82467842AB8C19C00F39D84 /* MediaExportUITests.xctest */;
			productType = "com.apple.product-type.bundle.ui-testing";
		};
/* End PBXNativeTarget section */

/* Begin PBXProject section */
		B82467612AB8C19B00F39D84 /* Project object */ = {
			isa = PBXProject;
			attributes = {
				BuildIndependentTargetsInParallel = 1;
				LastSwiftUpdateCheck = 1430;
				LastUpgradeCheck = 1430;
				ORGANIZATIONNAME = "Ben Shutt";
				TargetAttributes = {
					B82467682AB8C19B00F39D84 = {
						CreatedOnToolsVersion = 14.3.1;
					};
					B82467792AB8C19C00F39D84 = {
						CreatedOnToolsVersion = 14.3.1;
						TestTargetID = B82467682AB8C19B00F39D84;
					};
					B82467832AB8C19C00F39D84 = {
						CreatedOnToolsVersion = 14.3.1;
						TestTargetID = B82467682AB8C19B00F39D84;
					};
				};
			};
			buildConfigurationList = B82467642AB8C19B00F39D84 /* Build configuration list for PBXProject "MediaExport" */;
			compatibilityVersion = "Xcode 14.0";
			developmentRegion = en;
			hasScannedForEncodings = 0;
			knownRegions = (
				en,
				Base,
			);
			mainGroup = B82467602AB8C19B00F39D84;
			packageReferences = (
				B82467982AB8C97C00F39D84 /* XCRemoteSwiftPackageReference "DataRequest" */,
			);
			productRefGroup = B824676A2AB8C19B00F39D84 /* Products */;
			projectDirPath = "";
			projectRoot = "";
			targets = (
				B82467682AB8C19B00F39D84 /* MediaExport */,
				B82467792AB8C19C00F39D84 /* MediaExportTests */,
				B82467832AB8C19C00F39D84 /* MediaExportUITests */,
			);
		};
/* End PBXProject section */

/* Begin PBXResourcesBuildPhase section */
		B82467672AB8C19B00F39D84 /* Resources */ = {
			isa = PBXResourcesBuildPhase;
			buildActionMask = 2147483647;
			files = (
				B82467752AB8C19C00F39D84 /* Preview Assets.xcassets in Resources */,
				B82467712AB8C19C00F39D84 /* Assets.xcassets in Resources */,
			);
			runOnlyForDeploymentPostprocessing = 0;
		};
		B82467782AB8C19C00F39D84 /* Resources */ = {
			isa = PBXResourcesBuildPhase;
			buildActionMask = 2147483647;
			files = (
			);
			runOnlyForDeploymentPostprocessing = 0;
		};
		B82467822AB8C19C00F39D84 /* Resources */ = {
			isa = PBXResourcesBuildPhase;
			buildActionMask = 2147483647;
			files = (
			);
			runOnlyForDeploymentPostprocessing = 0;
		};
/* End PBXResourcesBuildPhase section */

/* Begin PBXShellScriptBuildPhase section */
		B82467B52AB8DE3E00F39D84 /* SwiftLint */ = {
			isa = PBXShellScriptBuildPhase;
			alwaysOutOfDate = 1;
			buildActionMask = 2147483647;
			files = (
			);
			inputFileListPaths = (
			);
			inputPaths = (
			);
			name = SwiftLint;
			outputFileListPaths = (
			);
			outputPaths = (
			);
			runOnlyForDeploymentPostprocessing = 0;
			shellPath = /bin/sh;
			shellScript = "if [[ \"$(uname -m)\" == arm64 ]]; then\n    export PATH=\"/opt/homebrew/bin:$PATH\"\nfi\n\nif which swiftlint > /dev/null; then\n  swiftlint\nelse\n  echo \"warning: SwiftLint not installed, download from https://github.com/realm/SwiftLint\"\nfi\n";
		};
/* End PBXShellScriptBuildPhase section */

/* Begin PBXSourcesBuildPhase section */
		B82467652AB8C19B00F39D84 /* Sources */ = {
			isa = PBXSourcesBuildPhase;
			buildActionMask = 2147483647;
			files = (
				B82467A62AB8D31900F39D84 /* MediaFile.swift in Sources */,
				B824679C2AB8C98700F39D84 /* Upload.swift in Sources */,
				B82467AE2AB8D73C00F39D84 /* PHAsset+Extensions.swift in Sources */,
				B82467B12AB8DB4E00F39D84 /* LoadState.swift in Sources */,
				B82467A32AB8D1B000F39D84 /* Status.swift in Sources */,
				B824676F2AB8C19B00F39D84 /* ContentView.swift in Sources */,
				B82467AC2AB8D6EA00F39D84 /* PhotoLibrary.swift in Sources */,
				B824676D2AB8C19B00F39D84 /* MediaExportApp.swift in Sources */,
				B82467B42AB8DC0800F39D84 /* String+Values.swift in Sources */,
				B82467A92AB8D4DC00F39D84 /* APIError.swift in Sources */,
				B82467A02AB8C9AD00F39D84 /* APIRequest.swift in Sources */,
				B824679E2AB8C98D00F39D84 /* Exists.swift in Sources */,
			);
			runOnlyForDeploymentPostprocessing = 0;
		};
		B82467762AB8C19C00F39D84 /* Sources */ = {
			isa = PBXSourcesBuildPhase;
			buildActionMask = 2147483647;
			files = (
				B824677F2AB8C19C00F39D84 /* MediaExportTests.swift in Sources */,
			);
			runOnlyForDeploymentPostprocessing = 0;
		};
		B82467802AB8C19C00F39D84 /* Sources */ = {
			isa = PBXSourcesBuildPhase;
			buildActionMask = 2147483647;
			files = (
				B82467892AB8C19D00F39D84 /* MediaExportUITests.swift in Sources */,
				B824678B2AB8C19D00F39D84 /* MediaExportUITestsLaunchTests.swift in Sources */,
			);
			runOnlyForDeploymentPostprocessing = 0;
		};
/* End PBXSourcesBuildPhase section */

/* Begin PBXTargetDependency section */
		B824677C2AB8C19C00F39D84 /* PBXTargetDependency */ = {
			isa = PBXTargetDependency;
			target = B82467682AB8C19B00F39D84 /* MediaExport */;
			targetProxy = B824677B2AB8C19C00F39D84 /* PBXContainerItemProxy */;
		};
		B82467862AB8C19C00F39D84 /* PBXTargetDependency */ = {
			isa = PBXTargetDependency;
			target = B82467682AB8C19B00F39D84 /* MediaExport */;
			targetProxy = B82467852AB8C19C00F39D84 /* PBXContainerItemProxy */;
		};
/* End PBXTargetDependency section */

/* Begin XCBuildConfiguration section */
		B824678C2AB8C19D00F39D84 /* Debug */ = {
			isa = XCBuildConfiguration;
			buildSettings = {
				ALWAYS_SEARCH_USER_PATHS = NO;
				CLANG_ANALYZER_NONNULL = YES;
				CLANG_ANALYZER_NUMBER_OBJECT_CONVERSION = YES_AGGRESSIVE;
				CLANG_CXX_LANGUAGE_STANDARD = "gnu++20";
				CLANG_ENABLE_MODULES = YES;
				CLANG_ENABLE_OBJC_ARC = YES;
				CLANG_ENABLE_OBJC_WEAK = YES;
				CLANG_WARN_BLOCK_CAPTURE_AUTORELEASING = YES;
				CLANG_WARN_BOOL_CONVERSION = YES;
				CLANG_WARN_COMMA = YES;
				CLANG_WARN_CONSTANT_CONVERSION = YES;
				CLANG_WARN_DEPRECATED_OBJC_IMPLEMENTATIONS = YES;
				CLANG_WARN_DIRECT_OBJC_ISA_USAGE = YES_ERROR;
				CLANG_WARN_DOCUMENTATION_COMMENTS = YES;
				CLANG_WARN_EMPTY_BODY = YES;
				CLANG_WARN_ENUM_CONVERSION = YES;
				CLANG_WARN_INFINITE_RECURSION = YES;
				CLANG_WARN_INT_CONVERSION = YES;
				CLANG_WARN_NON_LITERAL_NULL_CONVERSION = YES;
				CLANG_WARN_OBJC_IMPLICIT_RETAIN_SELF = YES;
				CLANG_WARN_OBJC_LITERAL_CONVERSION = YES;
				CLANG_WARN_OBJC_ROOT_CLASS = YES_ERROR;
				CLANG_WARN_QUOTED_INCLUDE_IN_FRAMEWORK_HEADER = YES;
				CLANG_WARN_RANGE_LOOP_ANALYSIS = YES;
				CLANG_WARN_STRICT_PROTOTYPES = YES;
				CLANG_WARN_SUSPICIOUS_MOVE = YES;
				CLANG_WARN_UNGUARDED_AVAILABILITY = YES_AGGRESSIVE;
				CLANG_WARN_UNREACHABLE_CODE = YES;
				CLANG_WARN__DUPLICATE_METHOD_MATCH = YES;
				COPY_PHASE_STRIP = NO;
				DEBUG_INFORMATION_FORMAT = dwarf;
				ENABLE_STRICT_OBJC_MSGSEND = YES;
				ENABLE_TESTABILITY = YES;
				GCC_C_LANGUAGE_STANDARD = gnu11;
				GCC_DYNAMIC_NO_PIC = NO;
				GCC_NO_COMMON_BLOCKS = YES;
				GCC_OPTIMIZATION_LEVEL = 0;
				GCC_PREPROCESSOR_DEFINITIONS = (
					"DEBUG=1",
					"$(inherited)",
				);
				GCC_WARN_64_TO_32_BIT_CONVERSION = YES;
				GCC_WARN_ABOUT_RETURN_TYPE = YES_ERROR;
				GCC_WARN_UNDECLARED_SELECTOR = YES;
				GCC_WARN_UNINITIALIZED_AUTOS = YES_AGGRESSIVE;
				GCC_WARN_UNUSED_FUNCTION = YES;
				GCC_WARN_UNUSED_VARIABLE = YES;
				MTL_ENABLE_DEBUG_INFO = INCLUDE_SOURCE;
				MTL_FAST_MATH = YES;
				ONLY_ACTIVE_ARCH = YES;
				SWIFT_ACTIVE_COMPILATION_CONDITIONS = DEBUG;
				SWIFT_OPTIMIZATION_LEVEL = "-Onone";
			};
			name = Debug;
		};
		B824678D2AB8C19D00F39D84 /* Release */ = {
			isa = XCBuildConfiguration;
			buildSettings = {
				ALWAYS_SEARCH_USER_PATHS = NO;
				CLANG_ANALYZER_NONNULL = YES;
				CLANG_ANALYZER_NUMBER_OBJECT_CONVERSION = YES_AGGRESSIVE;
				CLANG_CXX_LANGUAGE_STANDARD = "gnu++20";
				CLANG_ENABLE_MODULES = YES;
				CLANG_ENABLE_OBJC_ARC = YES;
				CLANG_ENABLE_OBJC_WEAK = YES;
				CLANG_WARN_BLOCK_CAPTURE_AUTORELEASING = YES;
				CLANG_WARN_BOOL_CONVERSION = YES;
				CLANG_WARN_COMMA = YES;
				CLANG_WARN_CONSTANT_CONVERSION = YES;
				CLANG_WARN_DEPRECATED_OBJC_IMPLEMENTATIONS = YES;
				CLANG_WARN_DIRECT_OBJC_ISA_USAGE = YES_ERROR;
				CLANG_WARN_DOCUMENTATION_COMMENTS = YES;
				CLANG_WARN_EMPTY_BODY = YES;
				CLANG_WARN_ENUM_CONVERSION = YES;
				CLANG_WARN_INFINITE_RECURSION = YES;
				CLANG_WARN_INT_CONVERSION = YES;
				CLANG_WARN_NON_LITERAL_NULL_CONVERSION = YES;
				CLANG_WARN_OBJC_IMPLICIT_RETAIN_SELF = YES;
				CLANG_WARN_OBJC_LITERAL_CONVERSION = YES;
				CLANG_WARN_OBJC_ROOT_CLASS = YES_ERROR;
				CLANG_WARN_QUOTED_INCLUDE_IN_FRAMEWORK_HEADER = YES;
				CLANG_WARN_RANGE_LOOP_ANALYSIS = YES;
				CLANG_WARN_STRICT_PROTOTYPES = YES;
				CLANG_WARN_SUSPICIOUS_MOVE = YES;
				CLANG_WARN_UNGUARDED_AVAILABILITY = YES_AGGRESSIVE;
				CLANG_WARN_UNREACHABLE_CODE = YES;
				CLANG_WARN__DUPLICATE_METHOD_MATCH = YES;
				COPY_PHASE_STRIP = NO;
				DEBUG_INFORMATION_FORMAT = "dwarf-with-dsym";
				ENABLE_NS_ASSERTIONS = NO;
				ENABLE_STRICT_OBJC_MSGSEND = YES;
				GCC_C_LANGUAGE_STANDARD = gnu11;
				GCC_NO_COMMON_BLOCKS = YES;
				GCC_WARN_64_TO_32_BIT_CONVERSION = YES;
				GCC_WARN_ABOUT_RETURN_TYPE = YES_ERROR;
				GCC_WARN_UNDECLARED_SELECTOR = YES;
				GCC_WARN_UNINITIALIZED_AUTOS = YES_AGGRESSIVE;
				GCC_WARN_UNUSED_FUNCTION = YES;
				GCC_WARN_UNUSED_VARIABLE = YES;
				MTL_ENABLE_DEBUG_INFO = NO;
				MTL_FAST_MATH = YES;
				SWIFT_COMPILATION_MODE = wholemodule;
				SWIFT_OPTIMIZATION_LEVEL = "-O";
			};
			name = Release;
		};
		B824678F2AB8C19D00F39D84 /* Debug */ = {
			isa = XCBuildConfiguration;
			buildSettings = {
				ASSETCATALOG_COMPILER_APPICON_NAME = AppIcon;
				ASSETCATALOG_COMPILER_GLOBAL_ACCENT_COLOR_NAME = AccentColor;
				CODE_SIGN_ENTITLEMENTS = MediaExport/MediaExport.entitlements;
				CODE_SIGN_STYLE = Automatic;
				CURRENT_PROJECT_VERSION = 1;
				DEVELOPMENT_ASSET_PATHS = "\"MediaExport/Preview Content\"";
				ENABLE_PREVIEWS = YES;
				GENERATE_INFOPLIST_FILE = YES;
				"INFOPLIST_KEY_UIApplicationSceneManifest_Generation[sdk=iphoneos*]" = YES;
				"INFOPLIST_KEY_UIApplicationSceneManifest_Generation[sdk=iphonesimulator*]" = YES;
				"INFOPLIST_KEY_UIApplicationSupportsIndirectInputEvents[sdk=iphoneos*]" = YES;
				"INFOPLIST_KEY_UIApplicationSupportsIndirectInputEvents[sdk=iphonesimulator*]" = YES;
				"INFOPLIST_KEY_UILaunchScreen_Generation[sdk=iphoneos*]" = YES;
				"INFOPLIST_KEY_UILaunchScreen_Generation[sdk=iphonesimulator*]" = YES;
				"INFOPLIST_KEY_UIStatusBarStyle[sdk=iphoneos*]" = UIStatusBarStyleDefault;
				"INFOPLIST_KEY_UIStatusBarStyle[sdk=iphonesimulator*]" = UIStatusBarStyleDefault;
				INFOPLIST_KEY_UISupportedInterfaceOrientations_iPad = "UIInterfaceOrientationPortrait UIInterfaceOrientationPortraitUpsideDown UIInterfaceOrientationLandscapeLeft UIInterfaceOrientationLandscapeRight";
				INFOPLIST_KEY_UISupportedInterfaceOrientations_iPhone = "UIInterfaceOrientationPortrait UIInterfaceOrientationLandscapeLeft UIInterfaceOrientationLandscapeRight";
				IPHONEOS_DEPLOYMENT_TARGET = 16.4;
				LD_RUNPATH_SEARCH_PATHS = "@executable_path/Frameworks";
				"LD_RUNPATH_SEARCH_PATHS[sdk=macosx*]" = "@executable_path/../Frameworks";
				MACOSX_DEPLOYMENT_TARGET = 13.3;
				MARKETING_VERSION = 1.0;
				PRODUCT_BUNDLE_IDENTIFIER = com.benshutt.MediaExport;
				PRODUCT_NAME = "$(TARGET_NAME)";
				SDKROOT = auto;
				SUPPORTED_PLATFORMS = "iphoneos iphonesimulator macosx";
				SWIFT_EMIT_LOC_STRINGS = YES;
				SWIFT_VERSION = 5.0;
				TARGETED_DEVICE_FAMILY = "1,2";
			};
			name = Debug;
		};
		B82467902AB8C19D00F39D84 /* Release */ = {
			isa = XCBuildConfiguration;
			buildSettings = {
				ASSETCATALOG_COMPILER_APPICON_NAME = AppIcon;
				ASSETCATALOG_COMPILER_GLOBAL_ACCENT_COLOR_NAME = AccentColor;
				CODE_SIGN_ENTITLEMENTS = MediaExport/MediaExport.entitlements;
				CODE_SIGN_STYLE = Automatic;
				CURRENT_PROJECT_VERSION = 1;
				DEVELOPMENT_ASSET_PATHS = "\"MediaExport/Preview Content\"";
				ENABLE_PREVIEWS = YES;
				GENERATE_INFOPLIST_FILE = YES;
				"INFOPLIST_KEY_UIApplicationSceneManifest_Generation[sdk=iphoneos*]" = YES;
				"INFOPLIST_KEY_UIApplicationSceneManifest_Generation[sdk=iphonesimulator*]" = YES;
				"INFOPLIST_KEY_UIApplicationSupportsIndirectInputEvents[sdk=iphoneos*]" = YES;
				"INFOPLIST_KEY_UIApplicationSupportsIndirectInputEvents[sdk=iphonesimulator*]" = YES;
				"INFOPLIST_KEY_UILaunchScreen_Generation[sdk=iphoneos*]" = YES;
				"INFOPLIST_KEY_UILaunchScreen_Generation[sdk=iphonesimulator*]" = YES;
				"INFOPLIST_KEY_UIStatusBarStyle[sdk=iphoneos*]" = UIStatusBarStyleDefault;
				"INFOPLIST_KEY_UIStatusBarStyle[sdk=iphonesimulator*]" = UIStatusBarStyleDefault;
				INFOPLIST_KEY_UISupportedInterfaceOrientations_iPad = "UIInterfaceOrientationPortrait UIInterfaceOrientationPortraitUpsideDown UIInterfaceOrientationLandscapeLeft UIInterfaceOrientationLandscapeRight";
				INFOPLIST_KEY_UISupportedInterfaceOrientations_iPhone = "UIInterfaceOrientationPortrait UIInterfaceOrientationLandscapeLeft UIInterfaceOrientationLandscapeRight";
				IPHONEOS_DEPLOYMENT_TARGET = 16.4;
				LD_RUNPATH_SEARCH_PATHS = "@executable_path/Frameworks";
				"LD_RUNPATH_SEARCH_PATHS[sdk=macosx*]" = "@executable_path/../Frameworks";
				MACOSX_DEPLOYMENT_TARGET = 13.3;
				MARKETING_VERSION = 1.0;
				PRODUCT_BUNDLE_IDENTIFIER = com.benshutt.MediaExport;
				PRODUCT_NAME = "$(TARGET_NAME)";
				SDKROOT = auto;
				SUPPORTED_PLATFORMS = "iphoneos iphonesimulator macosx";
				SWIFT_EMIT_LOC_STRINGS = YES;
				SWIFT_VERSION = 5.0;
				TARGETED_DEVICE_FAMILY = "1,2";
			};
			name = Release;
		};
		B82467922AB8C19D00F39D84 /* Debug */ = {
			isa = XCBuildConfiguration;
			buildSettings = {
				ALWAYS_EMBED_SWIFT_STANDARD_LIBRARIES = YES;
				BUNDLE_LOADER = "$(TEST_HOST)";
				CODE_SIGN_STYLE = Automatic;
				CURRENT_PROJECT_VERSION = 1;
				GENERATE_INFOPLIST_FILE = YES;
				IPHONEOS_DEPLOYMENT_TARGET = 16.4;
				MACOSX_DEPLOYMENT_TARGET = 13.3;
				MARKETING_VERSION = 1.0;
				PRODUCT_BUNDLE_IDENTIFIER = com.benshutt.MediaExportTests;
				PRODUCT_NAME = "$(TARGET_NAME)";
				SDKROOT = auto;
				SUPPORTED_PLATFORMS = "iphoneos iphonesimulator macosx";
				SWIFT_EMIT_LOC_STRINGS = NO;
				SWIFT_VERSION = 5.0;
				TARGETED_DEVICE_FAMILY = "1,2";
				TEST_HOST = "$(BUILT_PRODUCTS_DIR)/MediaExport.app/$(BUNDLE_EXECUTABLE_FOLDER_PATH)/MediaExport";
			};
			name = Debug;
		};
		B82467932AB8C19D00F39D84 /* Release */ = {
			isa = XCBuildConfiguration;
			buildSettings = {
				ALWAYS_EMBED_SWIFT_STANDARD_LIBRARIES = YES;
				BUNDLE_LOADER = "$(TEST_HOST)";
				CODE_SIGN_STYLE = Automatic;
				CURRENT_PROJECT_VERSION = 1;
				GENERATE_INFOPLIST_FILE = YES;
				IPHONEOS_DEPLOYMENT_TARGET = 16.4;
				MACOSX_DEPLOYMENT_TARGET = 13.3;
				MARKETING_VERSION = 1.0;
				PRODUCT_BUNDLE_IDENTIFIER = com.benshutt.MediaExportTests;
				PRODUCT_NAME = "$(TARGET_NAME)";
				SDKROOT = auto;
				SUPPORTED_PLATFORMS = "iphoneos iphonesimulator macosx";
				SWIFT_EMIT_LOC_STRINGS = NO;
				SWIFT_VERSION = 5.0;
				TARGETED_DEVICE_FAMILY = "1,2";
				TEST_HOST = "$(BUILT_PRODUCTS_DIR)/MediaExport.app/$(BUNDLE_EXECUTABLE_FOLDER_PATH)/MediaExport";
			};
			name = Release;
		};
		B82467952AB8C19D00F39D84 /* Debug */ = {
			isa = XCBuildConfiguration;
			buildSettings = {
				ALWAYS_EMBED_SWIFT_STANDARD_LIBRARIES = YES;
				CODE_SIGN_STYLE = Automatic;
				CURRENT_PROJECT_VERSION = 1;
				GENERATE_INFOPLIST_FILE = YES;
				IPHONEOS_DEPLOYMENT_TARGET = 16.4;
				MACOSX_DEPLOYMENT_TARGET = 13.3;
				MARKETING_VERSION = 1.0;
				PRODUCT_BUNDLE_IDENTIFIER = com.benshutt.MediaExportUITests;
				PRODUCT_NAME = "$(TARGET_NAME)";
				SDKROOT = auto;
				SUPPORTED_PLATFORMS = "iphoneos iphonesimulator macosx";
				SWIFT_EMIT_LOC_STRINGS = NO;
				SWIFT_VERSION = 5.0;
				TARGETED_DEVICE_FAMILY = "1,2";
				TEST_TARGET_NAME = MediaExport;
			};
			name = Debug;
		};
		B82467962AB8C19D00F39D84 /* Release */ = {
			isa = XCBuildConfiguration;
			buildSettings = {
				ALWAYS_EMBED_SWIFT_STANDARD_LIBRARIES = YES;
				CODE_SIGN_STYLE = Automatic;
				CURRENT_PROJECT_VERSION = 1;
				GENERATE_INFOPLIST_FILE = YES;
				IPHONEOS_DEPLOYMENT_TARGET = 16.4;
				MACOSX_DEPLOYMENT_TARGET = 13.3;
				MARKETING_VERSION = 1.0;
				PRODUCT_BUNDLE_IDENTIFIER = com.benshutt.MediaExportUITests;
				PRODUCT_NAME = "$(TARGET_NAME)";
				SDKROOT = auto;
				SUPPORTED_PLATFORMS = "iphoneos iphonesimulator macosx";
				SWIFT_EMIT_LOC_STRINGS = NO;
				SWIFT_VERSION = 5.0;
				TARGETED_DEVICE_FAMILY = "1,2";
				TEST_TARGET_NAME = MediaExport;
			};
			name = Release;
		};
/* End XCBuildConfiguration section */

/* Begin XCConfigurationList section */
		B82467642AB8C19B00F39D84 /* Build configuration list for PBXProject "MediaExport" */ = {
			isa = XCConfigurationList;
			buildConfigurations = (
				B824678C2AB8C19D00F39D84 /* Debug */,
				B824678D2AB8C19D00F39D84 /* Release */,
			);
			defaultConfigurationIsVisible = 0;
			defaultConfigurationName = Release;
		};
		B824678E2AB8C19D00F39D84 /* Build configuration list for PBXNativeTarget "MediaExport" */ = {
			isa = XCConfigurationList;
			buildConfigurations = (
				B824678F2AB8C19D00F39D84 /* Debug */,
				B82467902AB8C19D00F39D84 /* Release */,
			);
			defaultConfigurationIsVisible = 0;
			defaultConfigurationName = Release;
		};
		B82467912AB8C19D00F39D84 /* Build configuration list for PBXNativeTarget "MediaExportTests" */ = {
			isa = XCConfigurationList;
			buildConfigurations = (
				B82467922AB8C19D00F39D84 /* Debug */,
				B82467932AB8C19D00F39D84 /* Release */,
			);
			defaultConfigurationIsVisible = 0;
			defaultConfigurationName = Release;
		};
		B82467942AB8C19D00F39D84 /* Build configuration list for PBXNativeTarget "MediaExportUITests" */ = {
			isa = XCConfigurationList;
			buildConfigurations = (
				B82467952AB8C19D00F39D84 /* Debug */,
				B82467962AB8C19D00F39D84 /* Release */,
			);
			defaultConfigurationIsVisible = 0;
			defaultConfigurationName = Release;
		};
/* End XCConfigurationList section */

/* Begin XCRemoteSwiftPackageReference section */
		B82467982AB8C97C00F39D84 /* XCRemoteSwiftPackageReference "DataRequest" */ = {
			isa = XCRemoteSwiftPackageReference;
			repositoryURL = "https://github.com/BenShutt/DataRequest";
			requirement = {
				branch = main;
				kind = branch;
			};
		};
/* End XCRemoteSwiftPackageReference section */

/* Begin XCSwiftPackageProductDependency section */
		B82467992AB8C97C00F39D84 /* DataRequest */ = {
			isa = XCSwiftPackageProductDependency;
			package = B82467982AB8C97C00F39D84 /* XCRemoteSwiftPackageReference "DataRequest" */;
			productName = DataRequest;
		};
/* End XCSwiftPackageProductDependency section */
	};
	rootObject = B82467612AB8C19B00F39D84 /* Project object */;
}
