{
  "pins" : [
    {
      "identity" : "alamofire",
      "kind" : "remoteSourceControl",
      "location" : "https://github.com/Alamofire/Alamofire.git",
      "state" : {
        "revision" : "b2fa556e4e48cbf06cf8c63def138c98f4b811fa",
        "version" : "5.8.0"
      }
    },
    {
      "identity" : "cubefoundation-ios",
      "kind" : "remoteSourceControl",
      "location" : "https://github.com/3sidedcube/cubefoundation-ios",
      "state" : {
        "branch" : "develop",
        "revision" : "b9d44aff2dbfd1912a21c56bcd2c6d489ee396f4"
      }
    },
    {
      "identity" : "datarequest",
      "kind" : "remoteSourceControl",
      "location" : "https://github.com/BenShutt/DataRequest",
      "state" : {
        "branch" : "main",
        "revision" : "e90ba6ab0d7b599af7b668957b602934cd6f5bd3"
      }
    }
  ],
  "version" : 2
}
