{
  "originHash" : "d77d731cb097279955d47fbf0146af50ab55da0cac8d75812028d65be5b861dc",
  "pins" : [
    {
      "identity" : "alamofire",
      "kind" : "remoteSourceControl",
      "location" : "https://github.com/Alamofire/Alamofire.git",
      "state" : {
        "revision" : "513364f870f6bfc468f9d2ff0a95caccc10044c5",
        "version" : "5.10.2"
      }
    },
    {
      "identity" : "cubefoundation-ios",
      "kind" : "remoteSourceControl",
      "location" : "https://github.com/3sidedcube/cubefoundation-ios",
      "state" : {
        "branch" : "develop",
        "revision" : "6453860cc84fdd9ab8a1d561161fb4322c13041c"
      }
    },
    {
      "identity" : "datarequest",
      "kind" : "remoteSourceControl",
      "location" : "https://github.com/BenShutt/DataRequest",
      "state" : {
        "branch" : "main",
        "revision" : "f35e1e64d91ea62aafb987bcbd35cc95f1b5a0ad"
      }
    },
    {
      "identity" : "swiftlintplugins",
      "kind" : "remoteSourceControl",
      "location" : "https://github.com/SimplyDanny/SwiftLintPlugins",
      "state" : {
        "revision" : "7a3d77f3dd9f91d5cea138e52c20cfceabf352de",
        "version" : "0.58.2"
      }
    },
    {
      "identity" : "utilities",
      "kind" : "remoteSourceControl",
      "location" : "https://github.com/BenShutt/Utilities.git",
      "state" : {
        "branch" : "develop",
        "revision" : "9283b000d6b6c55ca9b44bfbe20e98b1cdecaf71"
      }
    }
  ],
  "version" : 3
}
